<?xml version="1.0" encoding="UTF-8" standalone="yes" ?>
<CodeBlocks_project_file>
	<FileVersion major="1" minor="6" />
	<Project>
		<Option title="ETL" />
		<Option pch_mode="2" />
		<Option compiler="gcc" />
		<Build>
			<Target title="Windows">
				<Option output="bin/Debug/ETL" prefix_auto="1" extension_auto="1" />
				<Option object_output="obj/Debug/" />
				<Option type="1" />
				<Option compiler="gcc" />
				<Compiler>
					<Add option="-std=c++14" />
					<Add option="-std=c++11" />
					<Add option="-m32" />
					<Add option="-g" />
					<Add option="-std=c++17" />
					<Add option="-D_DEBUG" />
					<Add directory="../../src" />
				</Compiler>
				<Linker>
					<Add option="-m32" />
				</Linker>
				<ExtraCommands>
					<Add after="${TARGET_OUTPUT_DIR}${TARGET_OUTPUT_BASENAME}" />
				</ExtraCommands>
			</Target>
			<Target title="Windows No STL">
				<Option output="bin/Debug No STL/ETL" prefix_auto="1" extension_auto="1" />
				<Option object_output="obj/Debug/" />
				<Option type="1" />
				<Option compiler="gcc" />
				<Compiler>
					<Add option="-std=c++03" />
					<Add option="-std=c++14" />
					<Add option="-m32" />
					<Add option="-g" />
					<Add option="-std=c++17" />
					<Add option="-D_DEBUG" />
					<Add option="-DETL_NO_STL" />
					<Add directory="../../src" />
				</Compiler>
				<Linker>
					<Add option="-m32" />
				</Linker>
				<ExtraCommands>
					<Add after="${TARGET_OUTPUT_DIR}${TARGET_OUTPUT_BASENAME}" />
				</ExtraCommands>
			</Target>
			<Target title="Linux">
				<Option output="bin/Debug/ETL" prefix_auto="1" extension_auto="1" />
				<Option object_output="obj/Debug/" />
				<Option type="1" />
				<Option compiler="gcc" />
				<Compiler>
					<Add option="-std=c++17" />
					<Add option="-m32" />
					<Add option="-g" />
					<Add option="-D_DEBUG" />
					<Add directory="../../src" />
				</Compiler>
				<Linker>
					<Add option="-m32" />
					<Add option="-lpthread" />
				</Linker>
				<ExtraCommands>
					<Add after="${TARGET_OUTPUT_DIR}${TARGET_OUTPUT_BASENAME}" />
				</ExtraCommands>
			</Target>
			<Target title="Windows 64">
				<Option output="bin/Debug 64/ETL" prefix_auto="1" extension_auto="1" />
				<Option object_output="obj/Debug/" />
				<Option type="1" />
				<Option compiler="gcc" />
				<Compiler>
					<Add option="-m64" />
					<Add option="-g" />
					<Add option="-D_DEBUG" />
					<Add directory="../../src" />
				</Compiler>
				<Linker>
					<Add option="-m64" />
				</Linker>
				<ExtraCommands>
					<Add after="${TARGET_OUTPUT_DIR}${TARGET_OUTPUT_BASENAME}" />
				</ExtraCommands>
			</Target>
			<Target title="Linux No STL">
				<Option output="bin/Debug/ETL" prefix_auto="1" extension_auto="1" />
				<Option object_output="obj/Debug/" />
				<Option type="1" />
				<Option compiler="gcc" />
				<Compiler>
					<Add option="-std=c++17" />
					<Add option="-g" />
					<Add option="-D_DEBUG" />
					<Add option="-DETL_NO_STL" />
				</Compiler>
				<Linker>
					<Add option="-lpthread" />
				</Linker>
				<ExtraCommands>
					<Add after="${TARGET_OUTPUT_DIR}${TARGET_OUTPUT_BASENAME}" />
					<Mode after="always" />
				</ExtraCommands>
			</Target>
			<Target title="Windows No STL - Force No Advanced">
				<Option output="bin/Debug No STL/ETL" prefix_auto="1" extension_auto="1" />
				<Option object_output="obj/Debug/" />
				<Option type="1" />
				<Option compiler="gcc" />
				<Compiler>
					<Add option="-m32" />
					<Add option="-g" />
					<Add option="-std=c++1z" />
					<Add option="-D_DEBUG" />
					<Add option="-DETL_NO_STL" />
					<Add option="-DETL_FORCE_NO_ADVANCED_CPP" />
					<Add directory="../../src" />
				</Compiler>
				<Linker>
					<Add option="-m32" />
				</Linker>
				<ExtraCommands>
					<Add after="${TARGET_OUTPUT_DIR}${TARGET_OUTPUT_BASENAME}" />
				</ExtraCommands>
			</Target>
			<Target title="Windows Small Strings">
				<Option output="bin/Debug/ETL" prefix_auto="1" extension_auto="1" />
				<Option object_output="obj/Debug/" />
				<Option type="1" />
				<Option compiler="gcc" />
				<Compiler>
					<Add option="-std=c++14" />
					<Add option="-std=c++17" />
					<Add option="-std=c++11" />
					<Add option="-m32" />
					<Add option="-g" />
					<Add option="-D_DEBUG" />
					<Add option="-DETL_DISABLE_STRING_TRUNCATION_CHECKS" />
					<Add option="-DETL_DISABLE_STRING_CLEAR_AFTER_USE" />
					<Add directory="../../src" />
				</Compiler>
				<Linker>
					<Add option="-m32" />
				</Linker>
				<ExtraCommands>
					<Add after="${TARGET_OUTPUT_DIR}${TARGET_OUTPUT_BASENAME}" />
				</ExtraCommands>
			</Target>
		</Build>
		<Compiler>
			<Add option="-Wshadow" />
			<Add option="-Wundef" />
			<Add option="-Wall" />
			<Add option="-Wunused-parameter" />
			<Add option="-Wstrict-aliasing" />
			<Add option="-std=c++17" />
			<Add option="-fexceptions" />
			<Add directory="../../../unittest-cpp/" />
			<Add directory="../../src" />
			<Add directory="../" />
			<Add directory="../../src/c" />
			<Add directory="../../include" />
		</Compiler>
		<Unit filename="../../../unittest-cpp/UnitTest++/AssertException.cpp" />
		<Unit filename="../../../unittest-cpp/UnitTest++/AssertException.h" />
		<Unit filename="../../../unittest-cpp/UnitTest++/CheckMacros.h" />
		<Unit filename="../../../unittest-cpp/UnitTest++/Checks.cpp" />
		<Unit filename="../../../unittest-cpp/UnitTest++/Checks.h" />
		<Unit filename="../../../unittest-cpp/UnitTest++/CompositeTestReporter.cpp" />
		<Unit filename="../../../unittest-cpp/UnitTest++/CompositeTestReporter.h" />
		<Unit filename="../../../unittest-cpp/UnitTest++/Config.h" />
		<Unit filename="../../../unittest-cpp/UnitTest++/CurrentTest.cpp" />
		<Unit filename="../../../unittest-cpp/UnitTest++/CurrentTest.h" />
		<Unit filename="../../../unittest-cpp/UnitTest++/DeferredTestReporter.cpp" />
		<Unit filename="../../../unittest-cpp/UnitTest++/DeferredTestReporter.h" />
		<Unit filename="../../../unittest-cpp/UnitTest++/DeferredTestResult.cpp" />
		<Unit filename="../../../unittest-cpp/UnitTest++/DeferredTestResult.h" />
		<Unit filename="../../../unittest-cpp/UnitTest++/ExceptionMacros.h" />
		<Unit filename="../../../unittest-cpp/UnitTest++/ExecuteTest.h" />
		<Unit filename="../../../unittest-cpp/UnitTest++/HelperMacros.h" />
		<Unit filename="../../../unittest-cpp/UnitTest++/MemoryOutStream.cpp" />
		<Unit filename="../../../unittest-cpp/UnitTest++/MemoryOutStream.h" />
		<Unit filename="../../../unittest-cpp/UnitTest++/Posix/SignalTranslator.cpp">
			<Option target="Linux" />
			<Option target="Linux No STL" />
		</Unit>
		<Unit filename="../../../unittest-cpp/UnitTest++/Posix/SignalTranslator.h">
			<Option target="&lt;{~None~}&gt;" />
		</Unit>
		<Unit filename="../../../unittest-cpp/UnitTest++/Posix/TimeHelpers.cpp">
			<Option target="Linux" />
			<Option target="Linux No STL" />
		</Unit>
		<Unit filename="../../../unittest-cpp/UnitTest++/Posix/TimeHelpers.h">
			<Option target="&lt;{~None~}&gt;" />
		</Unit>
		<Unit filename="../../../unittest-cpp/UnitTest++/ReportAssert.cpp" />
		<Unit filename="../../../unittest-cpp/UnitTest++/ReportAssert.h" />
		<Unit filename="../../../unittest-cpp/UnitTest++/ReportAssertImpl.h" />
		<Unit filename="../../../unittest-cpp/UnitTest++/RequireMacros.h" />
		<Unit filename="../../../unittest-cpp/UnitTest++/RequiredCheckException.cpp" />
		<Unit filename="../../../unittest-cpp/UnitTest++/RequiredCheckException.h" />
		<Unit filename="../../../unittest-cpp/UnitTest++/RequiredCheckTestReporter.cpp" />
		<Unit filename="../../../unittest-cpp/UnitTest++/RequiredCheckTestReporter.h" />
		<Unit filename="../../../unittest-cpp/UnitTest++/Test.cpp" />
		<Unit filename="../../../unittest-cpp/UnitTest++/Test.h" />
		<Unit filename="../../../unittest-cpp/UnitTest++/TestDetails.cpp" />
		<Unit filename="../../../unittest-cpp/UnitTest++/TestDetails.h" />
		<Unit filename="../../../unittest-cpp/UnitTest++/TestList.cpp" />
		<Unit filename="../../../unittest-cpp/UnitTest++/TestList.h" />
		<Unit filename="../../../unittest-cpp/UnitTest++/TestMacros.h" />
		<Unit filename="../../../unittest-cpp/UnitTest++/TestReporter.cpp" />
		<Unit filename="../../../unittest-cpp/UnitTest++/TestReporter.h" />
		<Unit filename="../../../unittest-cpp/UnitTest++/TestReporterStdout.cpp" />
		<Unit filename="../../../unittest-cpp/UnitTest++/TestReporterStdout.h" />
		<Unit filename="../../../unittest-cpp/UnitTest++/TestResults.cpp" />
		<Unit filename="../../../unittest-cpp/UnitTest++/TestResults.h" />
		<Unit filename="../../../unittest-cpp/UnitTest++/TestRunner.cpp" />
		<Unit filename="../../../unittest-cpp/UnitTest++/TestRunner.h" />
		<Unit filename="../../../unittest-cpp/UnitTest++/TestSuite.h" />
		<Unit filename="../../../unittest-cpp/UnitTest++/ThrowingTestReporter.cpp" />
		<Unit filename="../../../unittest-cpp/UnitTest++/ThrowingTestReporter.h" />
		<Unit filename="../../../unittest-cpp/UnitTest++/TimeConstraint.cpp" />
		<Unit filename="../../../unittest-cpp/UnitTest++/TimeConstraint.h" />
		<Unit filename="../../../unittest-cpp/UnitTest++/TimeHelpers.h" />
		<Unit filename="../../../unittest-cpp/UnitTest++/UnitTest++.h" />
		<Unit filename="../../../unittest-cpp/UnitTest++/UnitTestPP.h" />
		<Unit filename="../../../unittest-cpp/UnitTest++/Win32/TimeHelpers.cpp">
			<Option target="Windows" />
			<Option target="Windows 64" />
			<Option target="Windows No STL" />
			<Option target="Windows No STL - Force No Advanced" />
			<Option target="Windows Small Strings" />
		</Unit>
		<Unit filename="../../../unittest-cpp/UnitTest++/Win32/TimeHelpers.h">
			<Option target="&lt;{~None~}&gt;" />
		</Unit>
		<Unit filename="../../../unittest-cpp/UnitTest++/XmlTestReporter.cpp" />
		<Unit filename="../../../unittest-cpp/UnitTest++/XmlTestReporter.h" />
		<Unit filename="../../include/etl/absolute.h" />
		<Unit filename="../../include/etl/algorithm.h" />
		<Unit filename="../../include/etl/alignment.h" />
		<Unit filename="../../include/etl/array.h" />
		<Unit filename="../../include/etl/array_view.h" />
		<Unit filename="../../include/etl/array_wrapper.h" />
		<Unit filename="../../include/etl/atomic.h" />
		<Unit filename="../../include/etl/atomic/atomic_arm.h" />
		<Unit filename="../../include/etl/atomic/atomic_gcc_sync.h" />
		<Unit filename="../../include/etl/atomic/atomic_std.h" />
		<Unit filename="../../include/etl/basic_format_spec.h" />
		<Unit filename="../../include/etl/basic_string.h" />
		<Unit filename="../../include/etl/basic_string_stream.h" />
		<Unit filename="../../include/etl/binary.h" />
		<Unit filename="../../include/etl/bip_buffer_spsc_atomic.h" />
		<Unit filename="../../include/etl/bit_stream.h" />
		<Unit filename="../../include/etl/bitset.h" />
		<Unit filename="../../include/etl/bloom_filter.h" />
		<Unit filename="../../include/etl/bresenham_line.h" />
		<Unit filename="../../include/etl/callback.h" />
		<Unit filename="../../include/etl/callback_service.h" />
		<Unit filename="../../include/etl/callback_timer.h" />
		<Unit filename="../../include/etl/char_traits.h" />
		<Unit filename="../../include/etl/checksum.h" />
		<Unit filename="../../include/etl/combinations.h" />
		<Unit filename="../../include/etl/compare.h" />
		<Unit filename="../../include/etl/constant.h" />
		<Unit filename="../../include/etl/container.h" />
		<Unit filename="../../include/etl/crc16.h" />
		<Unit filename="../../include/etl/crc16_aug_ccitt.h" />
		<Unit filename="../../include/etl/crc16_ccitt.h" />
		<Unit filename="../../include/etl/crc16_genibus.h" />
		<Unit filename="../../include/etl/crc16_kermit.h" />
		<Unit filename="../../include/etl/crc16_modbus.h" />
		<Unit filename="../../include/etl/crc16_usb.h" />
		<Unit filename="../../include/etl/crc16_x25.h" />
		<Unit filename="../../include/etl/crc16_xmodem.h" />
		<Unit filename="../../include/etl/crc32.h" />
		<Unit filename="../../include/etl/crc32_bzip2.h" />
		<Unit filename="../../include/etl/crc32_c.h" />
		<Unit filename="../../include/etl/crc32_mpeg2.h" />
		<Unit filename="../../include/etl/crc32_posix.h" />
		<Unit filename="../../include/etl/crc64_ecma.h" />
		<Unit filename="../../include/etl/crc8_ccitt.h" />
		<Unit filename="../../include/etl/crc8_rohc.h" />
		<Unit filename="../../include/etl/cstring.h" />
		<Unit filename="../../include/etl/cumulative_moving_average.h" />
		<Unit filename="../../include/etl/cyclic_value.h" />
		<Unit filename="../../include/etl/debounce.h" />
		<Unit filename="../../include/etl/debug_count.h" />
		<Unit filename="../../include/etl/delegate.h" />
		<Unit filename="../../include/etl/delegate_service.h" />
		<Unit filename="../../include/etl/deque.h" />
		<Unit filename="../../include/etl/doxygen.h" />
		<Unit filename="../../include/etl/endianness.h" />
		<Unit filename="../../include/etl/enum_type.h" />
		<Unit filename="../../include/etl/error_handler.h" />
		<Unit filename="../../include/etl/exception.h" />
		<Unit filename="../../include/etl/experimental/atomic.h" />
		<Unit filename="../../include/etl/experimental/spsc_queue.h" />
		<Unit filename="../../include/etl/factorial.h" />
		<Unit filename="../../include/etl/factory.h" />
		<Unit filename="../../include/etl/fibonacci.h" />
		<Unit filename="../../include/etl/fixed_iterator.h" />
		<Unit filename="../../include/etl/flat_map.h" />
		<Unit filename="../../include/etl/flat_multimap.h" />
		<Unit filename="../../include/etl/flat_multiset.h" />
		<Unit filename="../../include/etl/flat_set.h" />
		<Unit filename="../../include/etl/fnv_1.h" />
		<Unit filename="../../include/etl/format_spec.h" />
		<Unit filename="../../include/etl/forward_list.h" />
		<Unit filename="../../include/etl/frame_check_sequence.h" />
		<Unit filename="../../include/etl/fsm.h" />
		<Unit filename="../../include/etl/fsm_generator.h" />
		<Unit filename="../../include/etl/function.h" />
		<Unit filename="../../include/etl/functional.h" />
		<Unit filename="../../include/etl/generators/fsm_generator.h" />
		<Unit filename="../../include/etl/generators/generate.bat" />
		<Unit filename="../../include/etl/generators/generate_fsm.bat" />
		<Unit filename="../../include/etl/generators/generate_largest.bat" />
		<Unit filename="../../include/etl/generators/generate_message_packet.bat" />
		<Unit filename="../../include/etl/generators/generate_message_router.bat" />
		<Unit filename="../../include/etl/generators/generate_smallest.bat" />
		<Unit filename="../../include/etl/generators/generate_type_lookup.bat" />
		<Unit filename="../../include/etl/generators/generate_type_select.bat" />
		<Unit filename="../../include/etl/generators/generate_type_traits.bat" />
		<Unit filename="../../include/etl/generators/generate_variant_pool.bat" />
		<Unit filename="../../include/etl/generators/largest_generator.h" />
		<Unit filename="../../include/etl/generators/message_packet_generator.h" />
		<Unit filename="../../include/etl/generators/message_router_generator.h" />
		<Unit filename="../../include/etl/generators/smallest_generator.h" />
		<Unit filename="../../include/etl/generators/type_lookup_generator.h" />
		<Unit filename="../../include/etl/generators/type_select_generator.h" />
		<Unit filename="../../include/etl/generators/type_traits_generator.h" />
		<Unit filename="../../include/etl/generators/variant_pool_generator.h" />
		<Unit filename="../../include/etl/hash.h" />
		<Unit filename="../../include/etl/icache.h" />
		<Unit filename="../../include/etl/ihash.h" />
		<Unit filename="../../include/etl/indirect_vector.h" />
		<Unit filename="../../include/etl/instance_count.h" />
		<Unit filename="../../include/etl/integral_limits.h" />
		<Unit filename="../../include/etl/intrusive_forward_list.h" />
		<Unit filename="../../include/etl/intrusive_links.h" />
		<Unit filename="../../include/etl/intrusive_list.h" />
		<Unit filename="../../include/etl/intrusive_queue.h" />
		<Unit filename="../../include/etl/intrusive_stack.h" />
		<Unit filename="../../include/etl/io_port.h" />
		<Unit filename="../../include/etl/iterator.h" />
		<Unit filename="../../include/etl/jenkins.h" />
		<Unit filename="../../include/etl/largest.h" />
		<Unit filename="../../include/etl/limits.h" />
		<Unit filename="../../include/etl/list.h" />
		<Unit filename="../../include/etl/log.h" />
		<Unit filename="../../include/etl/macros.h" />
		<Unit filename="../../include/etl/map.h" />
		<Unit filename="../../include/etl/math_constants.h" />
		<Unit filename="../../include/etl/memory.h" />
		<Unit filename="../../include/etl/memory_model.h" />
		<Unit filename="../../include/etl/message.h" />
		<Unit filename="../../include/etl/message_bus.h" />
		<Unit filename="../../include/etl/message_router.h" />
		<Unit filename="../../include/etl/message_timer.h" />
		<Unit filename="../../include/etl/message_types.h" />
		<Unit filename="../../include/etl/multi_array.h" />
		<Unit filename="../../include/etl/multimap.h" />
		<Unit filename="../../include/etl/multiset.h" />
		<Unit filename="../../include/etl/murmur3.h" />
		<Unit filename="../../include/etl/mutex.h" />
		<Unit filename="../../include/etl/mutex/mutex_arm.h" />
		<Unit filename="../../include/etl/mutex/mutex_freertos.h" />
		<Unit filename="../../include/etl/mutex/mutex_gcc_sync.h" />
		<Unit filename="../../include/etl/mutex/mutex_std.h" />
		<Unit filename="../../include/etl/negative.h" />
		<Unit filename="../../include/etl/null_type.h" />
		<Unit filename="../../include/etl/nullptr.h" />
		<Unit filename="../../include/etl/numeric.h" />
		<Unit filename="../../include/etl/observer.h" />
		<Unit filename="../../include/etl/optional.h" />
		<Unit filename="../../include/etl/packet.h" />
		<Unit filename="../../include/etl/parameter_pack.h" />
		<Unit filename="../../include/etl/parameter_type.h" />
		<Unit filename="../../include/etl/pearson.h" />
		<Unit filename="../../include/etl/permutations.h" />
		<Unit filename="../../include/etl/platform.h" />
		<Unit filename="../../include/etl/pool.h" />
		<Unit filename="../../include/etl/power.h" />
		<Unit filename="../../include/etl/priority_queue.h" />
		<Unit filename="../../include/etl/private/choose_namespace.h" />
		<Unit filename="../../include/etl/private/crc16_poly_0x1021_.h" />
		<Unit filename="../../include/etl/private/crc16_poly_0x8005.h" />
		<Unit filename="../../include/etl/private/crc32_poly_0x04c11db7.h" />
		<Unit filename="../../include/etl/private/crc32_poly_0x1edc6f41.h" />
		<Unit filename="../../include/etl/private/crc64_poly_0x42f0e1eba9ea3693.h" />
		<Unit filename="../../include/etl/private/crc8_poly_0x07.h" />
		<Unit filename="../../include/etl/private/delegate_base.h" />
		<Unit filename="../../include/etl/private/delegate_base_cpp03.h" />
		<Unit filename="../../include/etl/private/delegate_cpp03.h" />
		<Unit filename="../../include/etl/private/ivectorpointer.h" />
		<Unit filename="../../include/etl/private/minmax_pop.h" />
		<Unit filename="../../include/etl/private/minmax_push.h" />
		<Unit filename="../../include/etl/private/move.h" />
		<Unit filename="../../include/etl/private/pvoidvector.h" />
		<Unit filename="../../include/etl/private/swap.h" />
		<Unit filename="../../include/etl/private/to_string_helper.h" />
		<Unit filename="../../include/etl/private/vector_base.h" />
		<Unit filename="../../include/etl/profiles/arduino_arm.h" />
		<Unit filename="../../include/etl/profiles/armv5.h" />
		<Unit filename="../../include/etl/profiles/armv5_no_stl.h" />
		<Unit filename="../../include/etl/profiles/armv6.h" />
		<Unit filename="../../include/etl/profiles/armv6_no_stl.h" />
		<Unit filename="../../include/etl/profiles/armv7.h" />
		<Unit filename="../../include/etl/profiles/armv7_no_stl.h" />
		<Unit filename="../../include/etl/profiles/auto.h" />
		<Unit filename="../../include/etl/profiles/clang_generic.h" />
		<Unit filename="../../include/etl/profiles/clang_generic_no_stl.h" />
		<Unit filename="../../include/etl/profiles/cpp03.h" />
		<Unit filename="../../include/etl/profiles/cpp03_no_stl.h" />
		<Unit filename="../../include/etl/profiles/cpp11.h" />
		<Unit filename="../../include/etl/profiles/cpp11_no_stl.h" />
		<Unit filename="../../include/etl/profiles/cpp14.h" />
		<Unit filename="../../include/etl/profiles/cpp14_no_stl.h" />
		<Unit filename="../../include/etl/profiles/cpp17.h" />
		<Unit filename="../../include/etl/profiles/cpp17_no_stl.h" />
		<Unit filename="../../include/etl/profiles/determine_compiler.h" />
		<Unit filename="../../include/etl/profiles/determine_compiler_language_support.h" />
		<Unit filename="../../include/etl/profiles/determine_compiler_version.h" />
		<Unit filename="../../include/etl/profiles/determine_development_os.h" />
		<Unit filename="../../include/etl/profiles/etl_profile.h" />
		<Unit filename="../../include/etl/profiles/gcc_generic.h" />
		<Unit filename="../../include/etl/profiles/gcc_generic_no_stl.h" />
		<Unit filename="../../include/etl/profiles/gcc_linux_x86.h" />
		<Unit filename="../../include/etl/profiles/gcc_linux_x86_no_stl.h" />
		<Unit filename="../../include/etl/profiles/gcc_windows_x86.h" />
		<Unit filename="../../include/etl/profiles/gcc_windows_x86_no_stl.h" />
		<Unit filename="../../include/etl/profiles/msvc_x86.h" />
		<Unit filename="../../include/etl/profiles/msvc_x86_no_stl.h" />
		<Unit filename="../../include/etl/profiles/segger_gcc_stlport.h" />
		<Unit filename="../../include/etl/profiles/ticc.h" />
		<Unit filename="../../include/etl/profiles/ticc_no_stl.h" />
		<Unit filename="../../include/etl/queue.h" />
		<Unit filename="../../include/etl/queue_mpmc_mutex.h" />
		<Unit filename="../../include/etl/queue_spsc_atomic.h" />
		<Unit filename="../../include/etl/queue_spsc_isr.h" />
		<Unit filename="../../include/etl/queue_spsc_locked.h" />
		<Unit filename="../../include/etl/radix.h" />
		<Unit filename="../../include/etl/random.h" />
		<Unit filename="../../include/etl/ratio.h" />
		<Unit filename="../../include/etl/reference_flat_map.h" />
		<Unit filename="../../include/etl/reference_flat_multimap.h" />
		<Unit filename="../../include/etl/reference_flat_multiset.h" />
		<Unit filename="../../include/etl/reference_flat_set.h" />
		<Unit filename="../../include/etl/scaled_rounding.h" />
		<Unit filename="../../include/etl/scheduler.h" />
		<Unit filename="../../include/etl/set.h" />
		<Unit filename="../../include/etl/smallest.h" />
		<Unit filename="../../include/etl/spsc_queue.h" />
		<Unit filename="../../include/etl/spsc_queue_atomic.h" />
		<Unit filename="../../include/etl/spsc_queue_isr.h" />
		<Unit filename="../../include/etl/spsc_queue_mutex.h" />
		<Unit filename="../../include/etl/sqrt.h" />
		<Unit filename="../../include/etl/stack.h" />
		<Unit filename="../../include/etl/state_chart.h" />
		<Unit filename="../../include/etl/static_assert.h" />
		<Unit filename="../../include/etl/string_stream.h" />
		<Unit filename="../../include/etl/string_utilities.h" />
		<Unit filename="../../include/etl/string_view.h" />
		<Unit filename="../../include/etl/task.h" />
		<Unit filename="../../include/etl/temp.h" />
		<Unit filename="../../include/etl/timer.h" />
		<Unit filename="../../include/etl/to_string.h" />
		<Unit filename="../../include/etl/to_u16string.h" />
		<Unit filename="../../include/etl/to_u32string.h" />
		<Unit filename="../../include/etl/to_wstring.h" />
		<Unit filename="../../include/etl/type_def.h" />
		<Unit filename="../../include/etl/type_lookup.h" />
		<Unit filename="../../include/etl/type_select.h" />
		<Unit filename="../../include/etl/type_traits.h" />
		<Unit filename="../../include/etl/u16format_spec.h" />
		<Unit filename="../../include/etl/u16string.h" />
		<Unit filename="../../include/etl/u16string_stream.h" />
		<Unit filename="../../include/etl/u32format_spec.h" />
		<Unit filename="../../include/etl/u32string.h" />
		<Unit filename="../../include/etl/u32string_stream.h" />
		<Unit filename="../../include/etl/u32string_utilities.h" />
		<Unit filename="../../include/etl/unordered_map.h" />
		<Unit filename="../../include/etl/unordered_multimap.h" />
		<Unit filename="../../include/etl/unordered_multiset.h" />
		<Unit filename="../../include/etl/unordered_set.h" />
		<Unit filename="../../include/etl/user_type.h" />
		<Unit filename="../../include/etl/utility.h" />
		<Unit filename="../../include/etl/variant.h" />
		<Unit filename="../../include/etl/variant_pool.h" />
		<Unit filename="../../include/etl/vector.h" />
		<Unit filename="../../include/etl/version.h" />
		<Unit filename="../../include/etl/visitor.h" />
		<Unit filename="../../include/etl/wformat_spec.h" />
		<Unit filename="../../include/etl/wstring.h" />
		<Unit filename="../../include/etl/wstring_stream.h" />
		<Unit filename="../../include/etl/wstring_utilities.h" />
		<Unit filename="../ExtraCheckMacros.h" />
		<Unit filename="../data.h" />
		<Unit filename="../etl_profile.h" />
		<Unit filename="../iterators_for_unit_tests.h" />
		<Unit filename="../main.cpp" />
		<Unit filename="../murmurhash3.cpp" />
		<Unit filename="../murmurhash3.h" />
		<Unit filename="../test_algorithm.cpp" />
		<Unit filename="../test_alignment.cpp" />
		<Unit filename="../test_array.cpp" />
		<Unit filename="../test_array_view.cpp" />
		<Unit filename="../test_array_wrapper.cpp" />
		<Unit filename="../test_atomic_gcc_sync.cpp" />
		<Unit filename="../test_atomic_std.cpp" />
		<Unit filename="../test_binary.cpp" />
		<Unit filename="../test_bip_buffer_spsc_atomic.cpp" />
		<Unit filename="../test_bit_stream.cpp" />
		<Unit filename="../test_bitset.cpp" />
		<Unit filename="../test_bloom_filter.cpp" />
		<Unit filename="../test_bresenham_line.cpp" />
		<Unit filename="../test_bsd_checksum.cpp" />
		<Unit filename="../test_buffer_descriptors.cpp" />
		<Unit filename="../test_callback_service.cpp" />
		<Unit filename="../test_callback_timer.cpp" />
		<Unit filename="../test_checksum.cpp" />
		<Unit filename="../test_circular_buffer.cpp" />
		<Unit filename="../test_circular_buffer_external_buffer.cpp" />
		<Unit filename="../test_compare.cpp" />
		<Unit filename="../test_compiler_settings.cpp" />
		<Unit filename="../test_constant.cpp" />
		<Unit filename="../test_container.cpp" />
		<Unit filename="../test_crc.cpp" />
		<Unit filename="../test_cumulative_moving_average.cpp" />
		<Unit filename="../test_cyclic_value.cpp" />
		<Unit filename="../test_debounce.cpp" />
		<Unit filename="../test_delegate.cpp" />
		<Unit filename="../test_delegate_service.cpp" />
		<Unit filename="../test_deque.cpp" />
		<Unit filename="../test_endian.cpp" />
		<Unit filename="../test_enum_type.cpp" />
		<Unit filename="../test_error_handler.cpp" />
		<Unit filename="../test_exception.cpp" />
		<Unit filename="../test_fixed_iterator.cpp" />
		<Unit filename="../test_flags.cpp" />
		<Unit filename="../test_flat_map.cpp" />
		<Unit filename="../test_flat_multimap.cpp" />
		<Unit filename="../test_flat_multiset.cpp" />
		<Unit filename="../test_flat_set.cpp" />
		<Unit filename="../test_fnv_1.cpp" />
		<Unit filename="../test_forward_list.cpp" />
		<Unit filename="../test_forward_list_shared_pool.cpp" />
		<Unit filename="../test_fsm.cpp" />
		<Unit filename="../test_function.cpp" />
		<Unit filename="../test_functional.cpp" />
		<Unit filename="../test_hash.cpp" />
		<Unit filename="../test_indirect_vector.cpp" />
		<Unit filename="../test_indirect_vector_external_buffer.cpp" />
		<Unit filename="../test_instance_count.cpp" />
		<Unit filename="../test_integral_limits.cpp" />
		<Unit filename="../test_intrusive_forward_list.cpp" />
		<Unit filename="../test_intrusive_links.cpp" />
		<Unit filename="../test_intrusive_list.cpp" />
		<Unit filename="../test_intrusive_queue.cpp" />
		<Unit filename="../test_intrusive_stack.cpp" />
		<Unit filename="../test_io_port.cpp" />
		<Unit filename="../test_iterator.cpp" />
		<Unit filename="../test_jenkins.cpp" />
		<Unit filename="../test_largest.cpp" />
		<Unit filename="../test_limits.cpp" />
		<Unit filename="../test_list.cpp" />
		<Unit filename="../test_list_shared_pool.cpp" />
		<Unit filename="../test_make_string.cpp" />
		<Unit filename="../test_map.cpp" />
		<Unit filename="../test_maths.cpp" />
		<Unit filename="../test_memory.cpp" />
		<Unit filename="../test_message_bus.cpp" />
		<Unit filename="../test_message_packet.cpp" />
		<Unit filename="../test_message_router.cpp" />
		<Unit filename="../test_message_timer.cpp" />
		<Unit filename="../test_multi_array.cpp" />
		<Unit filename="../test_multimap.cpp" />
		<Unit filename="../test_multiset.cpp" />
		<Unit filename="../test_murmur3.cpp" />
		<Unit filename="../test_numeric.cpp" />
		<Unit filename="../test_observer.cpp" />
		<Unit filename="../test_optional.cpp" />
		<Unit filename="../test_packet.cpp" />
		<Unit filename="../test_parameter_pack.cpp" />
		<Unit filename="../test_parameter_type.cpp" />
		<Unit filename="../test_parity_checksum.cpp" />
		<Unit filename="../test_pearson.cpp" />
		<Unit filename="../test_pool.cpp" />
		<Unit filename="../test_priority_queue.cpp" />
		<Unit filename="../test_queue.cpp" />
		<Unit filename="../test_queue_memory_model_small.cpp" />
		<Unit filename="../test_queue_mpmc_mutex.cpp" />
		<Unit filename="../test_queue_mpmc_mutex_small.cpp" />
		<Unit filename="../test_queue_spsc_atomic.cpp" />
		<Unit filename="../test_queue_spsc_atomic_small.cpp" />
		<Unit filename="../test_queue_spsc_isr.cpp" />
		<Unit filename="../test_queue_spsc_isr_small.cpp" />
		<Unit filename="../test_queue_spsc_locked.cpp" />
		<Unit filename="../test_queue_spsc_locked_small.cpp" />
		<Unit filename="../test_random.cpp" />
		<Unit filename="../test_reference_flat_map.cpp" />
		<Unit filename="../test_reference_flat_multimap.cpp" />
		<Unit filename="../test_reference_flat_multiset.cpp" />
		<Unit filename="../test_reference_flat_set.cpp" />
		<Unit filename="../test_scaled_rounding.cpp" />
		<Unit filename="../test_set.cpp" />
		<Unit filename="../test_smallest.cpp" />
		<Unit filename="../test_span.cpp" />
		<Unit filename="../test_stack.cpp" />
		<Unit filename="../test_state_chart.cpp" />
		<Unit filename="../test_string_char.cpp" />
		<Unit filename="../test_string_char_external_buffer.cpp" />
		<Unit filename="../test_string_stream.cpp" />
		<Unit filename="../test_string_stream_u16.cpp" />
		<Unit filename="../test_string_stream_u32.cpp" />
		<Unit filename="../test_string_stream_wchar_t.cpp" />
		<Unit filename="../test_string_u16.cpp" />
		<Unit filename="../test_string_u16_external_buffer.cpp" />
		<Unit filename="../test_string_u32.cpp" />
		<Unit filename="../test_string_u32_external_buffer.cpp" />
		<Unit filename="../test_string_utilities.cpp" />
		<Unit filename="../test_string_utilities_std.cpp" />
		<Unit filename="../test_string_utilities_std_u16.cpp" />
		<Unit filename="../test_string_utilities_std_u32.cpp" />
		<Unit filename="../test_string_utilities_std_wchar_t.cpp" />
		<Unit filename="../test_string_utilities_u16.cpp" />
		<Unit filename="../test_string_utilities_u32.cpp" />
		<Unit filename="../test_string_utilities_wchar_t.cpp" />
		<Unit filename="../test_string_view.cpp" />
		<Unit filename="../test_string_wchar_t.cpp" />
		<Unit filename="../test_string_wchar_t_external_buffer.cpp" />
		<Unit filename="../test_task_scheduler.cpp" />
		<Unit filename="../test_to_string.cpp" />
		<Unit filename="../test_to_u16string.cpp" />
		<Unit filename="../test_to_u32string.cpp" />
		<Unit filename="../test_to_wstring.cpp" />
		<Unit filename="../test_type_def.cpp" />
		<Unit filename="../test_type_lookup.cpp" />
		<Unit filename="../test_type_select.cpp" />
		<Unit filename="../test_type_traits.cpp" />
		<Unit filename="../test_unordered_map.cpp" />
		<Unit filename="../test_unordered_multimap.cpp" />
		<Unit filename="../test_unordered_multiset.cpp" />
		<Unit filename="../test_unordered_set.cpp" />
		<Unit filename="../test_user_type.cpp" />
		<Unit filename="../test_utility.cpp" />
		<Unit filename="../test_variant.cpp" />
		<Unit filename="../test_variant_pool.cpp" />
		<Unit filename="../test_vector.cpp" />
		<Unit filename="../test_vector_external_buffer.cpp" />
		<Unit filename="../test_vector_non_trivial.cpp" />
		<Unit filename="../test_vector_pointer.cpp" />
		<Unit filename="../test_vector_pointer_external_buffer.cpp" />
		<Unit filename="../test_visitor.cpp" />
		<Unit filename="../test_xor_checksum.cpp" />
		<Unit filename="../test_xor_rotate_checksum.cpp" />
		<Extensions>
			<code_completion>
				<search_path add="../../unittest-cpp" />
			</code_completion>
			<editor_config active="1" use_tabs="0" tab_indents="1" tab_width="2" indent="2" eol_mode="0" />
		</Extensions>
	</Project>
</CodeBlocks_project_file>
