<?xml version="1.0" encoding="UTF-8" standalone="yes" ?>
<CodeBlocks_project_file>
	<FileVersion major="1" minor="6" />
	<Project>
		<Option title="ETL" />
		<Option pch_mode="2" />
		<Option compiler="gcc" />
		<Build>
			<Target title="Windows">
				<Option output="bin/Debug/ETL" prefix_auto="1" extension_auto="1" />
				<Option object_output="obj/Debug/" />
				<Option type="1" />
				<Option compiler="gcc" />
				<Compiler>
					<Add option="-std=c++11" />
					<Add option="-g" />
					<Add option="-D_DEBUG" />
					<Add option="-DETL_THROW_EXCEPTIONS" />
					<Add option="-DETL_VERBOSE_ERRORS" />
					<Add option="-DETL_CHECK_PUSH_POP" />
				</Compiler>
				<ExtraCommands>
					<Add after="${TARGET_OUTPUT_DIR}${TARGET_OUTPUT_BASENAME}" />
				</ExtraCommands>
			</Target>
			<Target title="Linux">
				<Option output="bin/Debug/ETL" prefix_auto="1" extension_auto="1" />
				<Option object_output="obj/Debug/" />
				<Option type="1" />
				<Option compiler="gcc" />
				<Compiler>
					<Add option="-std=c++11" />
					<Add option="-g" />
					<Add option="-D_DEBUG" />
					<Add option="-DETL_THROW_EXCEPTIONS" />
					<Add option="-DETL_VERBOSE_ERRORS" />
					<Add option="-DETL_CHECK_PUSH_POP" />
				</Compiler>
				<ExtraCommands>
					<Add after="${TARGET_OUTPUT_DIR}${TARGET_OUTPUT_BASENAME}" />
					<Mode after="always" />
				</ExtraCommands>
			</Target>
		</Build>
		<Compiler>
			<Add option="-Wall" />
			<Add option="-std=c++11" />
			<Add option="-g" />
			<Add option="-fexceptions" />
			<Add option="-DETL_THROW_EXCEPTIONS" />
			<Add option="-DETL_VERBOSE_ERRORS" />
			<Add option="-DETL_CHECK_PUSH_POP" />
			<Add option="-D_DEBUG" />
			<Add directory="../../../unittest-cpp" />
		</Compiler>
		<Unit filename="../../../unittest-cpp/UnitTest++/AssertException.cpp" />
		<Unit filename="../../../unittest-cpp/UnitTest++/AssertException.h" />
		<Unit filename="../../../unittest-cpp/UnitTest++/CheckMacros.h" />
		<Unit filename="../../../unittest-cpp/UnitTest++/Checks.cpp" />
		<Unit filename="../../../unittest-cpp/UnitTest++/Checks.h" />
		<Unit filename="../../../unittest-cpp/UnitTest++/CompositeTestReporter.cpp" />
		<Unit filename="../../../unittest-cpp/UnitTest++/CompositeTestReporter.h" />
		<Unit filename="../../../unittest-cpp/UnitTest++/Config.h" />
		<Unit filename="../../../unittest-cpp/UnitTest++/CurrentTest.cpp" />
		<Unit filename="../../../unittest-cpp/UnitTest++/CurrentTest.h" />
		<Unit filename="../../../unittest-cpp/UnitTest++/DeferredTestReporter.cpp" />
		<Unit filename="../../../unittest-cpp/UnitTest++/DeferredTestReporter.h" />
		<Unit filename="../../../unittest-cpp/UnitTest++/DeferredTestResult.cpp" />
		<Unit filename="../../../unittest-cpp/UnitTest++/DeferredTestResult.h" />
		<Unit filename="../../../unittest-cpp/UnitTest++/ExceptionMacros.h" />
		<Unit filename="../../../unittest-cpp/UnitTest++/ExecuteTest.h" />
		<Unit filename="../../../unittest-cpp/UnitTest++/HelperMacros.h" />
		<Unit filename="../../../unittest-cpp/UnitTest++/MemoryOutStream.cpp" />
		<Unit filename="../../../unittest-cpp/UnitTest++/MemoryOutStream.h" />
		<Unit filename="../../../unittest-cpp/UnitTest++/Posix/SignalTranslator.cpp">
			<Option target="Linux" />
		</Unit>
		<Unit filename="../../../unittest-cpp/UnitTest++/Posix/SignalTranslator.h">
			<Option target="Linux" />
		</Unit>
		<Unit filename="../../../unittest-cpp/UnitTest++/Posix/TimeHelpers.cpp">
			<Option target="Linux" />
		</Unit>
		<Unit filename="../../../unittest-cpp/UnitTest++/Posix/TimeHelpers.h">
			<Option target="Linux" />
		</Unit>
		<Unit filename="../../../unittest-cpp/UnitTest++/ReportAssert.cpp" />
		<Unit filename="../../../unittest-cpp/UnitTest++/ReportAssert.h" />
		<Unit filename="../../../unittest-cpp/UnitTest++/ReportAssertImpl.h" />
		<Unit filename="../../../unittest-cpp/UnitTest++/RequiredCheckException.cpp" />
		<Unit filename="../../../unittest-cpp/UnitTest++/RequiredCheckTestReporter.cpp" />
		<Unit filename="../../../unittest-cpp/UnitTest++/Test.cpp" />
		<Unit filename="../../../unittest-cpp/UnitTest++/Test.h" />
		<Unit filename="../../../unittest-cpp/UnitTest++/TestDetails.cpp" />
		<Unit filename="../../../unittest-cpp/UnitTest++/TestDetails.h" />
		<Unit filename="../../../unittest-cpp/UnitTest++/TestList.cpp" />
		<Unit filename="../../../unittest-cpp/UnitTest++/TestList.h" />
		<Unit filename="../../../unittest-cpp/UnitTest++/TestMacros.h" />
		<Unit filename="../../../unittest-cpp/UnitTest++/TestReporter.cpp" />
		<Unit filename="../../../unittest-cpp/UnitTest++/TestReporter.h" />
		<Unit filename="../../../unittest-cpp/UnitTest++/TestReporterStdout.cpp" />
		<Unit filename="../../../unittest-cpp/UnitTest++/TestReporterStdout.h" />
		<Unit filename="../../../unittest-cpp/UnitTest++/TestResults.cpp" />
		<Unit filename="../../../unittest-cpp/UnitTest++/TestResults.h" />
		<Unit filename="../../../unittest-cpp/UnitTest++/TestRunner.cpp" />
		<Unit filename="../../../unittest-cpp/UnitTest++/TestRunner.h" />
		<Unit filename="../../../unittest-cpp/UnitTest++/TestSuite.h" />
		<Unit filename="../../../unittest-cpp/UnitTest++/ThrowingTestReporter.cpp" />
		<Unit filename="../../../unittest-cpp/UnitTest++/TimeConstraint.cpp" />
		<Unit filename="../../../unittest-cpp/UnitTest++/TimeConstraint.h" />
		<Unit filename="../../../unittest-cpp/UnitTest++/TimeHelpers.h" />
		<Unit filename="../../../unittest-cpp/UnitTest++/UnitTest++.h" />
		<Unit filename="../../../unittest-cpp/UnitTest++/UnitTestPP.h" />
		<Unit filename="../../../unittest-cpp/UnitTest++/Win32/TimeHelpers.cpp">
			<Option target="Windows" />
		</Unit>
		<Unit filename="../../../unittest-cpp/UnitTest++/Win32/TimeHelpers.h" />
		<Unit filename="../../../unittest-cpp/UnitTest++/XmlTestReporter.cpp" />
		<Unit filename="../../../unittest-cpp/UnitTest++/XmlTestReporter.h" />
		<Unit filename="../../src/algorithm.h" />
		<Unit filename="../../src/alignment.h" />
		<Unit filename="../../src/array.h" />
		<Unit filename="../../src/basic_string.h" />
		<Unit filename="../../src/binary.h" />
		<Unit filename="../../src/bitset.h" />
		<Unit filename="../../src/bloom_filter.h" />
		<Unit filename="../../src/char_traits.h" />
		<Unit filename="../../src/checksum.h" />
		<Unit filename="../../src/container.h" />
		<Unit filename="../../src/crc16.cpp" />
		<Unit filename="../../src/crc16.h" />
		<Unit filename="../../src/crc16_ccitt.cpp" />
		<Unit filename="../../src/crc16_ccitt.h" />
		<Unit filename="../../src/crc16_kermit.cpp" />
		<Unit filename="../../src/crc16_kermit.h" />
		<Unit filename="../../src/crc32.cpp" />
		<Unit filename="../../src/crc32.h" />
		<Unit filename="../../src/crc64_ecma.cpp" />
		<Unit filename="../../src/crc64_ecma.h" />
		<Unit filename="../../src/crc8_ccitt.cpp" />
		<Unit filename="../../src/crc8_ccitt.h" />
		<Unit filename="../../src/cstring.h" />
		<Unit filename="../../src/cyclic_hash.h" />
		<Unit filename="../../src/cyclic_value.h" />
		<Unit filename="../../src/debounce.h" />
		<Unit filename="../../src/deque.h" />
		<Unit filename="../../src/endian.h" />
		<Unit filename="../../src/enum_type.h" />
		<Unit filename="../../src/error_handler.cpp" />
		<Unit filename="../../src/error_handler.h" />
		<Unit filename="../../src/etl_arduino.h" />
		<Unit filename="../../src/exception.h" />
		<Unit filename="../../src/factorial.h" />
		<Unit filename="../../src/fibonacci.h" />
		<Unit filename="../../src/fixed_iterator.h" />
		<Unit filename="../../src/flat_map.h" />
		<Unit filename="../../src/flat_multimap.h" />
		<Unit filename="../../src/flat_multiset.h" />
		<Unit filename="../../src/flat_set.h" />
		<Unit filename="../../src/fnv_1.h" />
		<Unit filename="../../src/forward_list.h" />
		<Unit filename="../../src/frame_check_sequence.h" />
		<Unit filename="../../src/function.h" />
		<Unit filename="../../src/functional.h" />
		<Unit filename="../../src/hash.h" />
		<Unit filename="../../src/ibitset.h" />
		<Unit filename="../../src/ideque.h" />
		<Unit filename="../../src/iflat_map.h" />
		<Unit filename="../../src/iflat_multimap.h" />
		<Unit filename="../../src/iflat_multiset.h" />
		<Unit filename="../../src/iflat_set.h" />
		<Unit filename="../../src/iforward_list.h" />
		<Unit filename="../../src/ihash.h" />
		<Unit filename="../../src/ilist.h" />
		<Unit filename="../../src/imap.h" />
		<Unit filename="../../src/imultimap.h" />
		<Unit filename="../../src/imultiset.h" />
		<Unit filename="../../src/instance_count.h" />
		<Unit filename="../../src/integral_limits.h" />
		<Unit filename="../../src/intrusive_forward_list.h" />
		<Unit filename="../../src/intrusive_forward_list_link.h" />
		<Unit filename="../../src/intrusive_links.h" />
		<Unit filename="../../src/intrusive_list.h" />
		<Unit filename="../../src/intrusive_queue.h" />
		<Unit filename="../../src/intrusive_stack.h" />
		<Unit filename="../../src/io_port.h" />
		<Unit filename="../../src/ipool.h" />
		<Unit filename="../../src/ipriority_queue.h" />
		<Unit filename="../../src/iqueue.h" />
		<Unit filename="../../src/iset.h" />
		<Unit filename="../../src/istack.h" />
		<Unit filename="../../src/iunordered_map.h" />
		<Unit filename="../../src/iunordered_multimap.h" />
		<Unit filename="../../src/iunordered_multiset.h" />
		<Unit filename="../../src/iunordered_set.h" />
		<Unit filename="../../src/ivector.h" />
		<Unit filename="../../src/jenkins.h" />
		<Unit filename="../../src/largest.h" />
		<Unit filename="../../src/list.h" />
		<Unit filename="../../src/log.h" />
		<Unit filename="../../src/map.h" />
		<Unit filename="../../src/multimap.h" />
		<Unit filename="../../src/multiset.h" />
		<Unit filename="../../src/murmur3.h" />
		<Unit filename="../../src/nullptr.h" />
		<Unit filename="../../src/numeric.h" />
		<Unit filename="../../src/observer.h" />
		<Unit filename="../../src/optional.h" />
		<Unit filename="../../src/parameter_type.h" />
		<Unit filename="../../src/pearson.cpp" />
		<Unit filename="../../src/pearson.h" />
		<Unit filename="../../src/platform.h" />
		<Unit filename="../../src/pool.h" />
		<Unit filename="../../src/power.h" />
		<Unit filename="../../src/priority_queue.h" />
		<Unit filename="../../src/private/pvoidvector.cpp" />
		<Unit filename="../../src/queue.h" />
		<Unit filename="../../src/radix.h" />
		<Unit filename="../../src/set.h" />
		<Unit filename="../../src/smallest.h" />
		<Unit filename="../../src/stack.h" />
		<Unit filename="../../src/static_assert.h" />
		<Unit filename="../../src/string.h" />
		<Unit filename="../../src/test1.h">
			<Option target="Windows" />
		</Unit>
		<Unit filename="../../src/test2.h">
			<Option target="Windows" />
		</Unit>
		<Unit filename="../../src/type_def.h" />
		<Unit filename="../../src/type_traits.h" />
		<Unit filename="../../src/u16string.h" />
		<Unit filename="../../src/u32string.h" />
		<Unit filename="../../src/unordered_map.h" />
		<Unit filename="../../src/unordered_multimap.h" />
		<Unit filename="../../src/unordered_multiset.h" />
		<Unit filename="../../src/unordered_set.h" />
		<Unit filename="../../src/utility.h" />
		<Unit filename="../../src/variant.h" />
		<Unit filename="../../src/vector.h" />
		<Unit filename="../../src/visitor.h" />
		<Unit filename="../../src/wstring.h" />
		<Unit filename="../ExtraCheckMacros.h" />
		<Unit filename="../data.h" />
		<Unit filename="../main.cpp" />
		<Unit filename="../murmurhash3.cpp" />
		<Unit filename="../murmurhash3.h" />
		<Unit filename="../test_algorithm.cpp" />
		<Unit filename="../test_alignment.cpp" />
		<Unit filename="../test_array.cpp" />
		<Unit filename="../test_binary.cpp" />
		<Unit filename="../test_bitset.cpp" />
		<Unit filename="../test_bloom_filter.cpp" />
		<Unit filename="../test_bsd_checksum.cpp" />
		<Unit filename="../test_checksum.cpp" />
		<Unit filename="../test_container.cpp" />
		<Unit filename="../test_crc.cpp" />
		<Unit filename="../test_cyclic_value.cpp" />
		<Unit filename="../test_debounce.cpp" />
		<Unit filename="../test_deque.cpp" />
		<Unit filename="../test_endian.cpp" />
		<Unit filename="../test_enum_type.cpp" />
		<Unit filename="../test_error_handler.cpp" />
		<Unit filename="../test_exception.cpp" />
		<Unit filename="../test_fixed_iterator.cpp" />
		<Unit filename="../test_flat_map.cpp" />
		<Unit filename="../test_flat_multimap.cpp" />
		<Unit filename="../test_flat_multiset.cpp" />
		<Unit filename="../test_flat_set.cpp" />
		<Unit filename="../test_fnv_1.cpp" />
		<Unit filename="../test_forward_list.cpp" />
		<Unit filename="../test_function.cpp" />
		<Unit filename="../test_functional.cpp" />
		<Unit filename="../test_hash.cpp" />
		<Unit filename="../test_instance_count.cpp" />
		<Unit filename="../test_integral_limits.cpp" />
		<Unit filename="../test_intrusive_forward_list.cpp" />
		<Unit filename="../test_intrusive_links.cpp" />
		<Unit filename="../test_intrusive_list.cpp" />
		<Unit filename="../test_intrusive_queue.cpp" />
		<Unit filename="../test_intrusive_stack.cpp" />
		<Unit filename="../test_io_port.cpp" />
		<Unit filename="../test_jenkins.cpp" />
		<Unit filename="../test_largest.cpp" />
		<Unit filename="../test_list.cpp" />
		<Unit filename="../test_map.cpp" />
		<Unit filename="../test_maths.cpp" />
		<Unit filename="../test_multimap.cpp" />
		<Unit filename="../test_multiset.cpp" />
		<Unit filename="../test_murmur3.cpp" />
		<Unit filename="../test_numeric.cpp" />
		<Unit filename="../test_observer.cpp" />
		<Unit filename="../test_optional.cpp" />
		<Unit filename="../test_pearson.cpp" />
		<Unit filename="../test_pool.cpp" />
		<Unit filename="../test_priority_queue.cpp" />
		<Unit filename="../test_queue.cpp" />
		<Unit filename="../test_set.cpp" />
		<Unit filename="../test_smallest.cpp" />
		<Unit filename="../test_stack.cpp" />
		<Unit filename="../test_string_char.cpp" />
		<Unit filename="../test_string_u16.cpp" />
		<Unit filename="../test_string_u32.cpp" />
		<Unit filename="../test_string_wchar_t.cpp" />
		<Unit filename="../test_type_def.cpp" />
		<Unit filename="../test_type_traits.cpp" />
		<Unit filename="../test_unordered_map.cpp" />
		<Unit filename="../test_unordered_multimap.cpp" />
		<Unit filename="../test_unordered_multiset.cpp" />
		<Unit filename="../test_unordered_set.cpp" />
		<Unit filename="../test_utility.cpp" />
		<Unit filename="../test_variant.cpp" />
		<Unit filename="../test_vector.cpp" />
		<Unit filename="../test_vector_pointer.cpp" />
		<Unit filename="../test_visitor.cpp" />
		<Unit filename="../test_xor_checksum.cpp" />
		<Extensions>
			<code_completion />
			<debugger />
			<envvars />
		</Extensions>
	</Project>
</CodeBlocks_project_file>
