<?xml version="1.0" encoding="UTF-8" standalone="yes" ?>
<CodeBlocks_project_file>
	<FileVersion major="1" minor="6" />
	<Project>
		<Option title="ETL" />
		<Option pch_mode="2" />
		<Option compiler="gcc" />
		<Build>
			<Target title="Windows">
				<Option output="bin/Debug/ETL" prefix_auto="1" extension_auto="1" />
				<Option object_output="obj/Debug/" />
				<Option type="1" />
				<Option compiler="gcc" />
				<Compiler>
					<Add option="-std=c++11" />
					<Add option="-m32" />
					<Add option="-g" />
					<Add option="-D_DEBUG" />
					<Add directory="../../src" />
				</Compiler>
				<Linker>
					<Add option="-m32" />
				</Linker>
				<ExtraCommands>
					<Add after="${TARGET_OUTPUT_DIR}${TARGET_OUTPUT_BASENAME}" />
				</ExtraCommands>
			</Target>
			<Target title="Linux">
				<Option output="bin/Debug/ETL" prefix_auto="1" extension_auto="1" />
				<Option object_output="obj/Debug/" />
				<Option type="1" />
				<Option compiler="gcc" />
				<Compiler>
					<Add option="-std=c++11" />
					<Add option="-g" />
					<Add option="-D_DEBUG" />
				</Compiler>
				<ExtraCommands>
					<Add after="${TARGET_OUTPUT_DIR}${TARGET_OUTPUT_BASENAME}" />
					<Mode after="always" />
				</ExtraCommands>
			</Target>
			<Target title="Windows 64">
				<Option output="bin/Debug/ETL" prefix_auto="1" extension_auto="1" />
				<Option object_output="obj/Debug/" />
				<Option type="1" />
				<Option compiler="gcc" />
				<Compiler>
					<Add option="-std=c++11" />
					<Add option="-m64" />
					<Add option="-g" />
					<Add option="-D_DEBUG" />
					<Add directory="../../src" />
				</Compiler>
				<Linker>
					<Add option="-m64" />
				</Linker>
				<ExtraCommands>
					<Add after="${TARGET_OUTPUT_DIR}${TARGET_OUTPUT_BASENAME}" />
				</ExtraCommands>
			</Target>
		</Build>
		<Compiler>
			<Add option="-Wnon-virtual-dtor" />
			<Add option="-Wshadow" />
			<Add option="-Wundef" />
			<Add option="-Wall" />
			<Add option="-std=c++03" />
			<Add option="-Wunused-parameter" />
			<Add option="-Wstrict-aliasing" />
			<Add option="-fexceptions" />
			<Add directory="../../../unittest-cpp/UnitTest++/" />
			<Add directory="../../src" />
			<Add directory="../" />
			<Add directory="../../src/c" />
			<Add directory="../../include" />
		</Compiler>
		<Unit filename="../../../unittest-cpp/UnitTest++/AssertException.cpp" />
		<Unit filename="../../../unittest-cpp/UnitTest++/AssertException.h" />
		<Unit filename="../../../unittest-cpp/UnitTest++/CheckMacros.h" />
		<Unit filename="../../../unittest-cpp/UnitTest++/Checks.cpp" />
		<Unit filename="../../../unittest-cpp/UnitTest++/Checks.h" />
		<Unit filename="../../../unittest-cpp/UnitTest++/CompositeTestReporter.cpp" />
		<Unit filename="../../../unittest-cpp/UnitTest++/CompositeTestReporter.h" />
		<Unit filename="../../../unittest-cpp/UnitTest++/Config.h" />
		<Unit filename="../../../unittest-cpp/UnitTest++/CurrentTest.cpp" />
		<Unit filename="../../../unittest-cpp/UnitTest++/CurrentTest.h" />
		<Unit filename="../../../unittest-cpp/UnitTest++/DeferredTestReporter.cpp" />
		<Unit filename="../../../unittest-cpp/UnitTest++/DeferredTestReporter.h" />
		<Unit filename="../../../unittest-cpp/UnitTest++/DeferredTestResult.cpp" />
		<Unit filename="../../../unittest-cpp/UnitTest++/DeferredTestResult.h" />
		<Unit filename="../../../unittest-cpp/UnitTest++/ExceptionMacros.h" />
		<Unit filename="../../../unittest-cpp/UnitTest++/ExecuteTest.h" />
		<Unit filename="../../../unittest-cpp/UnitTest++/HelperMacros.h" />
		<Unit filename="../../../unittest-cpp/UnitTest++/MemoryOutStream.cpp" />
		<Unit filename="../../../unittest-cpp/UnitTest++/MemoryOutStream.h" />
		<Unit filename="../../../unittest-cpp/UnitTest++/Posix/SignalTranslator.cpp">
			<Option target="Linux" />
		</Unit>
		<Unit filename="../../../unittest-cpp/UnitTest++/Posix/SignalTranslator.h">
			<Option target="&lt;{~None~}&gt;" />
		</Unit>
		<Unit filename="../../../unittest-cpp/UnitTest++/Posix/TimeHelpers.cpp">
			<Option target="Linux" />
		</Unit>
		<Unit filename="../../../unittest-cpp/UnitTest++/Posix/TimeHelpers.h">
			<Option target="&lt;{~None~}&gt;" />
		</Unit>
		<Unit filename="../../../unittest-cpp/UnitTest++/ReportAssert.cpp" />
		<Unit filename="../../../unittest-cpp/UnitTest++/ReportAssert.h" />
		<Unit filename="../../../unittest-cpp/UnitTest++/ReportAssertImpl.h" />
		<Unit filename="../../../unittest-cpp/UnitTest++/RequireMacros.h" />
		<Unit filename="../../../unittest-cpp/UnitTest++/RequiredCheckException.cpp" />
		<Unit filename="../../../unittest-cpp/UnitTest++/RequiredCheckException.h" />
		<Unit filename="../../../unittest-cpp/UnitTest++/RequiredCheckTestReporter.cpp" />
		<Unit filename="../../../unittest-cpp/UnitTest++/RequiredCheckTestReporter.h" />
		<Unit filename="../../../unittest-cpp/UnitTest++/Test.cpp" />
		<Unit filename="../../../unittest-cpp/UnitTest++/Test.h" />
		<Unit filename="../../../unittest-cpp/UnitTest++/TestDetails.cpp" />
		<Unit filename="../../../unittest-cpp/UnitTest++/TestDetails.h" />
		<Unit filename="../../../unittest-cpp/UnitTest++/TestList.cpp" />
		<Unit filename="../../../unittest-cpp/UnitTest++/TestList.h" />
		<Unit filename="../../../unittest-cpp/UnitTest++/TestMacros.h" />
		<Unit filename="../../../unittest-cpp/UnitTest++/TestReporter.cpp" />
		<Unit filename="../../../unittest-cpp/UnitTest++/TestReporter.h" />
		<Unit filename="../../../unittest-cpp/UnitTest++/TestReporterStdout.cpp" />
		<Unit filename="../../../unittest-cpp/UnitTest++/TestReporterStdout.h" />
		<Unit filename="../../../unittest-cpp/UnitTest++/TestResults.cpp" />
		<Unit filename="../../../unittest-cpp/UnitTest++/TestResults.h" />
		<Unit filename="../../../unittest-cpp/UnitTest++/TestRunner.cpp" />
		<Unit filename="../../../unittest-cpp/UnitTest++/TestRunner.h" />
		<Unit filename="../../../unittest-cpp/UnitTest++/TestSuite.h" />
		<Unit filename="../../../unittest-cpp/UnitTest++/ThrowingTestReporter.cpp" />
		<Unit filename="../../../unittest-cpp/UnitTest++/ThrowingTestReporter.h" />
		<Unit filename="../../../unittest-cpp/UnitTest++/TimeConstraint.cpp" />
		<Unit filename="../../../unittest-cpp/UnitTest++/TimeConstraint.h" />
		<Unit filename="../../../unittest-cpp/UnitTest++/TimeHelpers.h" />
		<Unit filename="../../../unittest-cpp/UnitTest++/UnitTest++.h" />
		<Unit filename="../../../unittest-cpp/UnitTest++/UnitTestPP.h" />
		<Unit filename="../../../unittest-cpp/UnitTest++/Win32/TimeHelpers.cpp">
			<Option target="Windows" />
			<Option target="Windows 64" />
		</Unit>
		<Unit filename="../../../unittest-cpp/UnitTest++/Win32/TimeHelpers.h">
			<Option target="&lt;{~None~}&gt;" />
		</Unit>
		<Unit filename="../../../unittest-cpp/UnitTest++/XmlTestReporter.cpp" />
		<Unit filename="../../../unittest-cpp/UnitTest++/XmlTestReporter.h" />
		<Unit filename="../../include/etl/algorithm.h" />
		<Unit filename="../../include/etl/alignment.h" />
		<Unit filename="../../include/etl/array.h" />
		<Unit filename="../../include/etl/array_view.h" />
		<Unit filename="../../include/etl/array_wrapper.h" />
		<Unit filename="../../include/etl/atomic.h" />
		<Unit filename="../../include/etl/atomic/atomic_arm.h" />
		<Unit filename="../../include/etl/atomic/atomic_gcc_sync.h" />
		<Unit filename="../../include/etl/atomic/atomic_std.h" />
		<Unit filename="../../include/etl/basic_string.h" />
		<Unit filename="../../include/etl/binary.h" />
		<Unit filename="../../include/etl/bit_stream.h" />
		<Unit filename="../../include/etl/bitset.h" />
		<Unit filename="../../include/etl/bloom_filter.h" />
		<Unit filename="../../include/etl/c/ecl_timer.h" />
		<Unit filename="../../include/etl/callback.h" />
		<Unit filename="../../include/etl/callback_service.h" />
		<Unit filename="../../include/etl/callback_timer.h" />
		<Unit filename="../../include/etl/char_traits.h" />
		<Unit filename="../../include/etl/checksum.h" />
		<Unit filename="../../include/etl/combinations.h" />
		<Unit filename="../../include/etl/compare.h" />
		<Unit filename="../../include/etl/constant.h" />
		<Unit filename="../../include/etl/container.h" />
		<Unit filename="../../include/etl/crc16.h" />
		<Unit filename="../../include/etl/crc16_ccitt.h" />
		<Unit filename="../../include/etl/crc16_kermit.h" />
		<Unit filename="../../include/etl/crc32.h" />
		<Unit filename="../../include/etl/crc32_c.h" />
		<Unit filename="../../include/etl/crc64_ecma.h" />
		<Unit filename="../../include/etl/crc8_ccitt.h" />
		<Unit filename="../../include/etl/cstring.h" />
		<Unit filename="../../include/etl/cyclic_value.h" />
		<Unit filename="../../include/etl/debounce.h" />
		<Unit filename="../../include/etl/debug_count.h" />
		<Unit filename="../../include/etl/deque.h" />
		<Unit filename="../../include/etl/doxygen.h" />
		<Unit filename="../../include/etl/endianness.h" />
		<Unit filename="../../include/etl/enum_type.h" />
		<Unit filename="../../include/etl/error_handler.h" />
		<Unit filename="../../include/etl/exception.h" />
		<Unit filename="../../include/etl/experimental/atomic.h" />
		<Unit filename="../../include/etl/experimental/spsc_queue.h" />
		<Unit filename="../../include/etl/factorial.h" />
		<Unit filename="../../include/etl/factory.h" />
		<Unit filename="../../include/etl/fibonacci.h" />
		<Unit filename="../../include/etl/fixed_iterator.h" />
		<Unit filename="../../include/etl/flat_map.h" />
		<Unit filename="../../include/etl/flat_multimap.h" />
		<Unit filename="../../include/etl/flat_multiset.h" />
		<Unit filename="../../include/etl/flat_set.h" />
		<Unit filename="../../include/etl/fnv_1.h" />
		<Unit filename="../../include/etl/forward_list.h" />
		<Unit filename="../../include/etl/frame_check_sequence.h" />
		<Unit filename="../../include/etl/fsm.h" />
		<Unit filename="../../include/etl/fsm_generator.h" />
		<Unit filename="../../include/etl/function.h" />
		<Unit filename="../../include/etl/functional.h" />
		<Unit filename="../../include/etl/hash.h" />
		<Unit filename="../../include/etl/icache.h" />
		<Unit filename="../../include/etl/ihash.h" />
		<Unit filename="../../include/etl/instance_count.h" />
		<Unit filename="../../include/etl/integral_limits.h" />
		<Unit filename="../../include/etl/intrusive_forward_list.h" />
		<Unit filename="../../include/etl/intrusive_links.h" />
		<Unit filename="../../include/etl/intrusive_list.h" />
		<Unit filename="../../include/etl/intrusive_queue.h" />
		<Unit filename="../../include/etl/intrusive_stack.h" />
		<Unit filename="../../include/etl/io_port.h" />
		<Unit filename="../../include/etl/iterator.h" />
		<Unit filename="../../include/etl/jenkins.h" />
		<Unit filename="../../include/etl/largest.h" />
		<Unit filename="../../include/etl/largest_generator.h" />
		<Unit filename="../../include/etl/list.h" />
		<Unit filename="../../include/etl/log.h" />
		<Unit filename="../../include/etl/map.h" />
		<Unit filename="../../include/etl/math_constants.h" />
		<Unit filename="../../include/etl/memory.h" />
		<Unit filename="../../include/etl/message.h" />
		<Unit filename="../../include/etl/message_bus.h" />
		<Unit filename="../../include/etl/message_router.h" />
		<Unit filename="../../include/etl/message_router_generator.h" />
		<Unit filename="../../include/etl/message_timer.h" />
		<Unit filename="../../include/etl/message_types.h" />
		<Unit filename="../../include/etl/multimap.h" />
		<Unit filename="../../include/etl/multiset.h" />
		<Unit filename="../../include/etl/murmur3.h" />
		<Unit filename="../../include/etl/null_type.h" />
		<Unit filename="../../include/etl/nullptr.h" />
		<Unit filename="../../include/etl/numeric.h" />
		<Unit filename="../../include/etl/observer.h" />
		<Unit filename="../../include/etl/optional.h" />
		<Unit filename="../../include/etl/packet.h" />
		<Unit filename="../../include/etl/parameter_type.h" />
		<Unit filename="../../include/etl/pearson.h" />
		<Unit filename="../../include/etl/permutations.h" />
		<Unit filename="../../include/etl/platform.h" />
		<Unit filename="../../include/etl/pool.h" />
		<Unit filename="../../include/etl/power.h" />
		<Unit filename="../../include/etl/priority_queue.h" />
		<Unit filename="../../include/etl/private/ivectorpointer.h" />
		<Unit filename="../../include/etl/private/pvoidvector.h" />
		<Unit filename="../../include/etl/private/vector_base.h" />
		<Unit filename="../../include/etl/profiles/arduino_arm.h" />
		<Unit filename="../../include/etl/profiles/armv5.h" />
		<Unit filename="../../include/etl/profiles/armv6.h" />
		<Unit filename="../../include/etl/profiles/cpp03.h" />
		<Unit filename="../../include/etl/profiles/cpp11.h" />
		<Unit filename="../../include/etl/profiles/cpp14.h" />
		<Unit filename="../../include/etl/profiles/etl_profile.h" />
		<Unit filename="../../include/etl/profiles/gcc_generic.h" />
		<Unit filename="../../include/etl/profiles/gcc_linux_x86.h" />
		<Unit filename="../../include/etl/profiles/gcc_windows_x86.h" />
		<Unit filename="../../include/etl/profiles/msvc_x86.h" />
		<Unit filename="../../include/etl/profiles/ticc.h" />
		<Unit filename="../../include/etl/queue.h" />
		<Unit filename="../../include/etl/queue_mpmc_mutex.h" />
		<Unit filename="../../include/etl/queue_spsc_atomic.h" />
		<Unit filename="../../include/etl/queue_spsc_isr.h" />
		<Unit filename="../../include/etl/radix.h" />
		<Unit filename="../../include/etl/random.h" />
		<Unit filename="../../include/etl/ratio.h" />
		<Unit filename="../../include/etl/reference_flat_map.h" />
		<Unit filename="../../include/etl/reference_flat_multimap.h" />
		<Unit filename="../../include/etl/reference_flat_multiset.h" />
		<Unit filename="../../include/etl/reference_flat_set.h" />
		<Unit filename="../../include/etl/scheduler.h" />
		<Unit filename="../../include/etl/set.h" />
		<Unit filename="../../include/etl/smallest.h" />
		<Unit filename="../../include/etl/smallest_generator.h" />
		<Unit filename="../../include/etl/spsc_queue.h" />
		<Unit filename="../../include/etl/spsc_queue_atomic.h" />
		<Unit filename="../../include/etl/spsc_queue_isr.h" />
		<Unit filename="../../include/etl/spsc_queue_mutex.h" />
		<Unit filename="../../include/etl/sqrt.h" />
		<Unit filename="../../include/etl/stack.h" />
		<Unit filename="../../include/etl/state_chart.h" />
		<Unit filename="../../include/etl/static_assert.h" />
		<Unit filename="../../include/etl/stl/algorithm.h" />
		<Unit filename="../../include/etl/stl/alternate/algorithm.h" />
		<Unit filename="../../include/etl/stl/alternate/functional.h" />
		<Unit filename="../../include/etl/stl/alternate/iterator.h" />
		<Unit filename="../../include/etl/stl/alternate/limits.h" />
		<Unit filename="../../include/etl/stl/alternate/utility.h" />
		<Unit filename="../../include/etl/stl/functional.h" />
		<Unit filename="../../include/etl/stl/iterator.h" />
		<Unit filename="../../include/etl/stl/limits.h" />
		<Unit filename="../../include/etl/stl/utility.h" />
		<Unit filename="../../include/etl/string_view.h" />
		<Unit filename="../../include/etl/task.h" />
		<Unit filename="../../include/etl/temp.h" />
		<Unit filename="../../include/etl/timer.h" />
		<Unit filename="../../include/etl/type_def.h" />
		<Unit filename="../../include/etl/type_lookup.h" />
		<Unit filename="../../include/etl/type_lookup_generator.h" />
		<Unit filename="../../include/etl/type_select.h" />
		<Unit filename="../../include/etl/type_traits.h" />
		<Unit filename="../../include/etl/type_traits_generator.h" />
		<Unit filename="../../include/etl/u16string.h" />
		<Unit filename="../../include/etl/u32string.h" />
		<Unit filename="../../include/etl/unordered_map.h" />
		<Unit filename="../../include/etl/unordered_multimap.h" />
		<Unit filename="../../include/etl/unordered_multiset.h" />
		<Unit filename="../../include/etl/unordered_set.h" />
		<Unit filename="../../include/etl/user_type.h" />
		<Unit filename="../../include/etl/utility.h" />
		<Unit filename="../../include/etl/variant.h" />
		<Unit filename="../../include/etl/variant_pool.h" />
		<Unit filename="../../include/etl/variant_pool_generator.h" />
		<Unit filename="../../include/etl/vector.h" />
		<Unit filename="../../include/etl/version.h" />
		<Unit filename="../../include/etl/visitor.h" />
		<Unit filename="../../include/etl/wstring.h" />
		<Unit filename="../ExtraCheckMacros.h" />
		<Unit filename="../data.h" />
		<Unit filename="../ecl_user.h" />
		<Unit filename="../etl_profile.h" />
		<Unit filename="../maincpp03check.cpp" />
		<Unit filename="../murmurhash3.h" />
		<Unit filename="../no_stl_test_iterators.h" />
		<Extensions>
			<code_completion>
				<search_path add="../../unittest-cpp" />
			</code_completion>
			<debugger />
			<envvars />
			<editor_config active="1" use_tabs="0" tab_indents="1" tab_width="2" indent="2" eol_mode="0" />
		</Extensions>
	</Project>
</CodeBlocks_project_file>
