
Microsoft Visual Studio Solution File, Format Version 12.00
# Visual Studio 15
VisualStudioVersion = 15.0.26730.16
MinimumVisualStudioVersion = 10.0.40219.1
Project("{8BC9CEB8-8B4A-11D0-8D11-00A0C91BC942}") = "FunctionInterruptSimulation-Delegates", "FunctionInterruptSimulation-Delegates.vcxproj", "{5157DB15-C255-4E47-9FB1-AF388437F90F}"
EndProject
Global
	GlobalSection(SolutionConfigurationPlatforms) = preSolution
		Debug|x64 = Debug|x64
		Debug|x86 = Debug|x86
		Release|x64 = Release|x64
		Release|x86 = Release|x86
	EndGlobalSection
	GlobalSection(ProjectConfigurationPlatforms) = postSolution
		{5157DB15-C255-4E47-9FB1-AF388437F90F}.Debug|x64.ActiveCfg = Debug|x64
		{5157DB15-C255-4E47-9FB1-AF388437F90F}.Debug|x64.Build.0 = Debug|x64
		{5157DB15-C255-4E47-9FB1-AF388437F90F}.Debug|x86.ActiveCfg = Debug|Win32
		{5157DB15-C255-4E47-9FB1-AF388437F90F}.Debug|x86.Build.0 = Debug|Win32
		{5157DB15-C255-4E47-9FB1-AF388437F90F}.Release|x64.ActiveCfg = Release|x64
		{5157DB15-C255-4E47-9FB1-AF388437F90F}.Release|x64.Build.0 = Release|x64
		{5157DB15-C255-4E47-9FB1-AF388437F90F}.Release|x86.ActiveCfg = Release|Win32
		{5157DB15-C255-4E47-9FB1-AF388437F90F}.Release|x86.Build.0 = Release|Win32
	EndGlobalSection
	GlobalSection(SolutionProperties) = preSolution
		HideSolutionNode = FALSE
	EndGlobalSection
	GlobalSection(ExtensibilityGlobals) = postSolution
		SolutionGuid = {260225EB-60CB-44CC-A60C-16A23BBC10EB}
	EndGlobalSection
EndGlobal
