
Microsoft Visual Studio Solution File, Format Version 12.00
# Visual Studio Version 16
VisualStudioVersion = 16.0.29926.136
MinimumVisualStudioVersion = 10.0.40219.1
Project("{8BC9CEB8-8B4A-11D0-8D11-00A0C91BC942}") = "etl", "etl.vcxproj", "{C21DF78C-D8E0-46AB-9D6F-D38A3C1CB0FB}"
EndProject
Global
	GlobalSection(SolutionConfigurationPlatforms) = preSolution
		Debug Intel - No STL|Win32 = Debug Intel - No STL|Win32
		Debug Intel - No STL|x64 = Debug Intel - No STL|x64
		Debug Intel|Win32 = Debug Intel|Win32
		Debug Intel|x64 = Debug Intel|x64
		Debug LLVM - No STL - Force Built-ins|Win32 = Debug LLVM - No STL - Force Built-ins|Win32
		Debug LLVM - No STL - Force Built-ins|x64 = Debug LLVM - No STL - Force Built-ins|x64
		Debug LLVM - No STL|Win32 = Debug LLVM - No STL|Win32
		Debug LLVM - No STL|x64 = Debug LLVM - No STL|x64
		Debug LLVM|Win32 = Debug LLVM|Win32
		Debug LLVM|x64 = Debug LLVM|x64
		Debug MSVC - Force C++03|Win32 = Debug MSVC - Force C++03|Win32
		Debug MSVC - Force C++03|x64 = Debug MSVC - Force C++03|x64
		Debug MSVC - No STL - Auto Built-ins|Win32 = Debug MSVC - No STL - Auto Built-ins|Win32
		Debug MSVC - No STL - Auto Built-ins|x64 = Debug MSVC - No STL - Auto Built-ins|x64
		Debug MSVC - No STL - Force Built-ins|Win32 = Debug MSVC - No STL - Force Built-ins|Win32
		Debug MSVC - No STL - Force Built-ins|x64 = Debug MSVC - No STL - Force Built-ins|x64
		Debug MSVC - No STL|Win32 = Debug MSVC - No STL|Win32
		Debug MSVC - No STL|x64 = Debug MSVC - No STL|x64
		Debug MSVC - No Tests|Win32 = Debug MSVC - No Tests|Win32
		Debug MSVC - No Tests|x64 = Debug MSVC - No Tests|x64
		Debug MSVC - Small Strings|Win32 = Debug MSVC - Small Strings|Win32
		Debug MSVC - Small Strings|x64 = Debug MSVC - Small Strings|x64
		Debug MSVC - String Truncation Is Error|Win32 = Debug MSVC - String Truncation Is Error|Win32
		Debug MSVC - String Truncation Is Error|x64 = Debug MSVC - String Truncation Is Error|x64
		Debug MSVC 64|Win32 = Debug MSVC 64|Win32
		Debug MSVC 64|x64 = Debug MSVC 64|x64
		Debug MSVC C++14 - No STL|Win32 = Debug MSVC C++14 - No STL|Win32
		Debug MSVC C++14 - No STL|x64 = Debug MSVC C++14 - No STL|x64
		Debug MSVC C++14|Win32 = Debug MSVC C++14|Win32
		Debug MSVC C++14|x64 = Debug MSVC C++14|x64
		Debug MSVC C++20 - No STL|Win32 = Debug MSVC C++20 - No STL|Win32
		Debug MSVC C++20 - No STL|x64 = Debug MSVC C++20 - No STL|x64
		Debug MSVC C++20|Win32 = Debug MSVC C++20|Win32
		Debug MSVC C++20|x64 = Debug MSVC C++20|x64
		Debug MSVC|Win32 = Debug MSVC|Win32
		Debug MSVC|x64 = Debug MSVC|x64
		Debug|Win32 = Debug|Win32
		Debug|x64 = Debug|x64
		MSVC - No STL -O2|Win32 = MSVC - No STL -O2|Win32
		MSVC - No STL -O2|x64 = MSVC - No STL -O2|x64
		MSVC Debug Appveyor|Win32 = MSVC Debug Appveyor|Win32
		MSVC Debug Appveyor|x64 = MSVC Debug Appveyor|x64
		MSVC Debug No STL Appveyor|Win32 = MSVC Debug No STL Appveyor|Win32
		MSVC Debug No STL Appveyor|x64 = MSVC Debug No STL Appveyor|x64
		Release|Win32 = Release|Win32
		Release|x64 = Release|x64
	EndGlobalSection
	GlobalSection(ProjectConfigurationPlatforms) = postSolution
		{C21DF78C-D8E0-46AB-9D6F-D38A3C1CB0FB}.Debug Intel - No STL|Win32.ActiveCfg = Debug Intel - No STL|Win32
		{C21DF78C-D8E0-46AB-9D6F-D38A3C1CB0FB}.Debug Intel - No STL|Win32.Build.0 = Debug Intel - No STL|Win32
		{C21DF78C-D8E0-46AB-9D6F-D38A3C1CB0FB}.Debug Intel - No STL|x64.ActiveCfg = Debug Intel - No STL|x64
		{C21DF78C-D8E0-46AB-9D6F-D38A3C1CB0FB}.Debug Intel - No STL|x64.Build.0 = Debug Intel - No STL|x64
		{C21DF78C-D8E0-46AB-9D6F-D38A3C1CB0FB}.Debug Intel|Win32.ActiveCfg = Debug Intel|Win32
		{C21DF78C-D8E0-46AB-9D6F-D38A3C1CB0FB}.Debug Intel|Win32.Build.0 = Debug Intel|Win32
		{C21DF78C-D8E0-46AB-9D6F-D38A3C1CB0FB}.Debug Intel|x64.ActiveCfg = Debug Intel|x64
		{C21DF78C-D8E0-46AB-9D6F-D38A3C1CB0FB}.Debug Intel|x64.Build.0 = Debug Intel|x64
		{C21DF78C-D8E0-46AB-9D6F-D38A3C1CB0FB}.Debug LLVM - No STL - Force Built-ins|Win32.ActiveCfg = Debug|Win32
		{C21DF78C-D8E0-46AB-9D6F-D38A3C1CB0FB}.Debug LLVM - No STL - Force Built-ins|Win32.Build.0 = Debug|Win32
		{C21DF78C-D8E0-46AB-9D6F-D38A3C1CB0FB}.Debug LLVM - No STL - Force Built-ins|x64.ActiveCfg = Test2|x64
		{C21DF78C-D8E0-46AB-9D6F-D38A3C1CB0FB}.Debug LLVM - No STL - Force Built-ins|x64.Build.0 = Test2|x64
		{C21DF78C-D8E0-46AB-9D6F-D38A3C1CB0FB}.Debug LLVM - No STL|Win32.ActiveCfg = Debug LLVM - No STL|Win32
		{C21DF78C-D8E0-46AB-9D6F-D38A3C1CB0FB}.Debug LLVM - No STL|Win32.Build.0 = Debug LLVM - No STL|Win32
		{C21DF78C-D8E0-46AB-9D6F-D38A3C1CB0FB}.Debug LLVM - No STL|x64.ActiveCfg = DebugLLVMNoSTL|x64
		{C21DF78C-D8E0-46AB-9D6F-D38A3C1CB0FB}.Debug LLVM - No STL|x64.Build.0 = DebugLLVMNoSTL|x64
		{C21DF78C-D8E0-46AB-9D6F-D38A3C1CB0FB}.Debug LLVM|Win32.ActiveCfg = Debug LLVM|Win32
		{C21DF78C-D8E0-46AB-9D6F-D38A3C1CB0FB}.Debug LLVM|Win32.Build.0 = Debug LLVM|Win32
		{C21DF78C-D8E0-46AB-9D6F-D38A3C1CB0FB}.Debug LLVM|x64.ActiveCfg = Debug LLVM|x64
		{C21DF78C-D8E0-46AB-9D6F-D38A3C1CB0FB}.Debug LLVM|x64.Build.0 = Debug LLVM|x64
		{C21DF78C-D8E0-46AB-9D6F-D38A3C1CB0FB}.Debug MSVC - Force C++03|Win32.ActiveCfg = Debug MSVC - Force C++03|Win32
		{C21DF78C-D8E0-46AB-9D6F-D38A3C1CB0FB}.Debug MSVC - Force C++03|Win32.Build.0 = Debug MSVC - Force C++03|Win32
		{C21DF78C-D8E0-46AB-9D6F-D38A3C1CB0FB}.Debug MSVC - Force C++03|x64.ActiveCfg = Debug MSVC - Force C++03|x64
		{C21DF78C-D8E0-46AB-9D6F-D38A3C1CB0FB}.Debug MSVC - Force C++03|x64.Build.0 = Debug MSVC - Force C++03|x64
		{C21DF78C-D8E0-46AB-9D6F-D38A3C1CB0FB}.Debug MSVC - No STL - Auto Built-ins|Win32.ActiveCfg = Debug MSVC - No STL - Built-ins|Win32
		{C21DF78C-D8E0-46AB-9D6F-D38A3C1CB0FB}.Debug MSVC - No STL - Auto Built-ins|Win32.Build.0 = Debug MSVC - No STL - Built-ins|Win32
		{C21DF78C-D8E0-46AB-9D6F-D38A3C1CB0FB}.Debug MSVC - No STL - Auto Built-ins|x64.ActiveCfg = Test1|x64
		{C21DF78C-D8E0-46AB-9D6F-D38A3C1CB0FB}.Debug MSVC - No STL - Auto Built-ins|x64.Build.0 = Test1|x64
		{C21DF78C-D8E0-46AB-9D6F-D38A3C1CB0FB}.Debug MSVC - No STL - Force Built-ins|Win32.ActiveCfg = Debug MSVC - No STL - Force Built-ins|Win32
		{C21DF78C-D8E0-46AB-9D6F-D38A3C1CB0FB}.Debug MSVC - No STL - Force Built-ins|Win32.Build.0 = Debug MSVC - No STL - Force Built-ins|Win32
		{C21DF78C-D8E0-46AB-9D6F-D38A3C1CB0FB}.Debug MSVC - No STL - Force Built-ins|x64.ActiveCfg = Debug MSVC - No STL - Force Built-ins|x64
		{C21DF78C-D8E0-46AB-9D6F-D38A3C1CB0FB}.Debug MSVC - No STL - Force Built-ins|x64.Build.0 = Debug MSVC - No STL - Force Built-ins|x64
		{C21DF78C-D8E0-46AB-9D6F-D38A3C1CB0FB}.Debug MSVC - No STL|Win32.ActiveCfg = Debug - No STL|Win32
		{C21DF78C-D8E0-46AB-9D6F-D38A3C1CB0FB}.Debug MSVC - No STL|Win32.Build.0 = Debug - No STL|Win32
		{C21DF78C-D8E0-46AB-9D6F-D38A3C1CB0FB}.Debug MSVC - No STL|x64.ActiveCfg = DebugNoSTL|x64
		{C21DF78C-D8E0-46AB-9D6F-D38A3C1CB0FB}.Debug MSVC - No STL|x64.Build.0 = DebugNoSTL|x64
		{C21DF78C-D8E0-46AB-9D6F-D38A3C1CB0FB}.Debug MSVC - No Tests|Win32.ActiveCfg = Debug MSVC - No Tests|Win32
		{C21DF78C-D8E0-46AB-9D6F-D38A3C1CB0FB}.Debug MSVC - No Tests|Win32.Build.0 = Debug MSVC - No Tests|Win32
		{C21DF78C-D8E0-46AB-9D6F-D38A3C1CB0FB}.Debug MSVC - No Tests|x64.ActiveCfg = Debug MSVC - No Tests|x64
		{C21DF78C-D8E0-46AB-9D6F-D38A3C1CB0FB}.Debug MSVC - No Tests|x64.Build.0 = Debug MSVC - No Tests|x64
		{C21DF78C-D8E0-46AB-9D6F-D38A3C1CB0FB}.Debug MSVC - Small Strings|Win32.ActiveCfg = DebugMSVCSmallStrings|Win32
		{C21DF78C-D8E0-46AB-9D6F-D38A3C1CB0FB}.Debug MSVC - Small Strings|Win32.Build.0 = DebugMSVCSmallStrings|Win32
		{C21DF78C-D8E0-46AB-9D6F-D38A3C1CB0FB}.Debug MSVC - Small Strings|x64.ActiveCfg = DebugMSVCSmallStrings|x64
		{C21DF78C-D8E0-46AB-9D6F-D38A3C1CB0FB}.Debug MSVC - Small Strings|x64.Build.0 = DebugMSVCSmallStrings|x64
		{C21DF78C-D8E0-46AB-9D6F-D38A3C1CB0FB}.Debug MSVC - String Truncation Is Error|Win32.ActiveCfg = Debug|Win32
		{C21DF78C-D8E0-46AB-9D6F-D38A3C1CB0FB}.Debug MSVC - String Truncation Is Error|Win32.Build.0 = Debug|Win32
		{C21DF78C-D8E0-46AB-9D6F-D38A3C1CB0FB}.Debug MSVC - String Truncation Is Error|x64.ActiveCfg = DebugStringTruncationIsError|x64
		{C21DF78C-D8E0-46AB-9D6F-D38A3C1CB0FB}.Debug MSVC - String Truncation Is Error|x64.Build.0 = DebugStringTruncationIsError|x64
		{C21DF78C-D8E0-46AB-9D6F-D38A3C1CB0FB}.Debug MSVC 64|Win32.ActiveCfg = Debug|Win32
		{C21DF78C-D8E0-46AB-9D6F-D38A3C1CB0FB}.Debug MSVC 64|Win32.Build.0 = Debug|Win32
		{C21DF78C-D8E0-46AB-9D6F-D38A3C1CB0FB}.Debug MSVC 64|x64.ActiveCfg = Debug64|x64
		{C21DF78C-D8E0-46AB-9D6F-D38A3C1CB0FB}.Debug MSVC 64|x64.Build.0 = Debug64|x64
		{C21DF78C-D8E0-46AB-9D6F-D38A3C1CB0FB}.Debug MSVC C++14 - No STL|Win32.ActiveCfg = Debug MSVC C++14 - No STL|Win32
		{C21DF78C-D8E0-46AB-9D6F-D38A3C1CB0FB}.Debug MSVC C++14 - No STL|Win32.Build.0 = Debug MSVC C++14 - No STL|Win32
		{C21DF78C-D8E0-46AB-9D6F-D38A3C1CB0FB}.Debug MSVC C++14 - No STL|x64.ActiveCfg = Debug MSVC C++14 - No STL|x64
		{C21DF78C-D8E0-46AB-9D6F-D38A3C1CB0FB}.Debug MSVC C++14 - No STL|x64.Build.0 = Debug MSVC C++14 - No STL|x64
		{C21DF78C-D8E0-46AB-9D6F-D38A3C1CB0FB}.Debug MSVC C++14|Win32.ActiveCfg = Debug MSVC C++14|Win32
		{C21DF78C-D8E0-46AB-9D6F-D38A3C1CB0FB}.Debug MSVC C++14|Win32.Build.0 = Debug MSVC C++14|Win32
		{C21DF78C-D8E0-46AB-9D6F-D38A3C1CB0FB}.Debug MSVC C++14|x64.ActiveCfg = Debug MSVC C++14|x64
		{C21DF78C-D8E0-46AB-9D6F-D38A3C1CB0FB}.Debug MSVC C++14|x64.Build.0 = Debug MSVC C++14|x64
		{C21DF78C-D8E0-46AB-9D6F-D38A3C1CB0FB}.Debug MSVC C++20 - No STL|Win32.ActiveCfg = Debug MSVC C++20 - No STL|Win32
		{C21DF78C-D8E0-46AB-9D6F-D38A3C1CB0FB}.Debug MSVC C++20 - No STL|Win32.Build.0 = Debug MSVC C++20 - No STL|Win32
		{C21DF78C-D8E0-46AB-9D6F-D38A3C1CB0FB}.Debug MSVC C++20 - No STL|x64.ActiveCfg = Debug MSVC C++20 - No STL|x64
		{C21DF78C-D8E0-46AB-9D6F-D38A3C1CB0FB}.Debug MSVC C++20 - No STL|x64.Build.0 = Debug MSVC C++20 - No STL|x64
		{C21DF78C-D8E0-46AB-9D6F-D38A3C1CB0FB}.Debug MSVC C++20|Win32.ActiveCfg = Debug MSVC C++20|Win32
		{C21DF78C-D8E0-46AB-9D6F-D38A3C1CB0FB}.Debug MSVC C++20|Win32.Build.0 = Debug MSVC C++20|Win32
		{C21DF78C-D8E0-46AB-9D6F-D38A3C1CB0FB}.Debug MSVC C++20|x64.ActiveCfg = Debug MSVC C++20|x64
		{C21DF78C-D8E0-46AB-9D6F-D38A3C1CB0FB}.Debug MSVC C++20|x64.Build.0 = Debug MSVC C++20|x64
		{C21DF78C-D8E0-46AB-9D6F-D38A3C1CB0FB}.Debug MSVC|Win32.ActiveCfg = Debug|Win32
		{C21DF78C-D8E0-46AB-9D6F-D38A3C1CB0FB}.Debug MSVC|Win32.Build.0 = Debug|Win32
		{C21DF78C-D8E0-46AB-9D6F-D38A3C1CB0FB}.Debug MSVC|x64.ActiveCfg = Debug|x64
		{C21DF78C-D8E0-46AB-9D6F-D38A3C1CB0FB}.Debug MSVC|x64.Build.0 = Debug|x64
		{C21DF78C-D8E0-46AB-9D6F-D38A3C1CB0FB}.Debug|Win32.ActiveCfg = Debug|Win32
		{C21DF78C-D8E0-46AB-9D6F-D38A3C1CB0FB}.Debug|Win32.Build.0 = Debug|Win32
		{C21DF78C-D8E0-46AB-9D6F-D38A3C1CB0FB}.Debug|x64.ActiveCfg = Debug|x64
		{C21DF78C-D8E0-46AB-9D6F-D38A3C1CB0FB}.Debug|x64.Build.0 = Debug|x64
		{C21DF78C-D8E0-46AB-9D6F-D38A3C1CB0FB}.MSVC - No STL -O2|Win32.ActiveCfg = MSVC - No STL -O2|Win32
		{C21DF78C-D8E0-46AB-9D6F-D38A3C1CB0FB}.MSVC - No STL -O2|Win32.Build.0 = MSVC - No STL -O2|Win32
		{C21DF78C-D8E0-46AB-9D6F-D38A3C1CB0FB}.MSVC - No STL -O2|x64.ActiveCfg = MSVC - No STL -O2|x64
		{C21DF78C-D8E0-46AB-9D6F-D38A3C1CB0FB}.MSVC - No STL -O2|x64.Build.0 = MSVC - No STL -O2|x64
		{C21DF78C-D8E0-46AB-9D6F-D38A3C1CB0FB}.MSVC Debug Appveyor|Win32.ActiveCfg = Debug|Win32
		{C21DF78C-D8E0-46AB-9D6F-D38A3C1CB0FB}.MSVC Debug Appveyor|Win32.Build.0 = Debug|Win32
		{C21DF78C-D8E0-46AB-9D6F-D38A3C1CB0FB}.MSVC Debug Appveyor|x64.ActiveCfg = MSVC Debug Appveyor|x64
		{C21DF78C-D8E0-46AB-9D6F-D38A3C1CB0FB}.MSVC Debug Appveyor|x64.Build.0 = MSVC Debug Appveyor|x64
		{C21DF78C-D8E0-46AB-9D6F-D38A3C1CB0FB}.MSVC Debug No STL Appveyor|Win32.ActiveCfg = MSVC Debug No STL Appveyor|Win32
		{C21DF78C-D8E0-46AB-9D6F-D38A3C1CB0FB}.MSVC Debug No STL Appveyor|Win32.Build.0 = MSVC Debug No STL Appveyor|Win32
		{C21DF78C-D8E0-46AB-9D6F-D38A3C1CB0FB}.MSVC Debug No STL Appveyor|x64.ActiveCfg = MSVC Debug No STL Appveyor|x64
		{C21DF78C-D8E0-46AB-9D6F-D38A3C1CB0FB}.MSVC Debug No STL Appveyor|x64.Build.0 = MSVC Debug No STL Appveyor|x64
		{C21DF78C-D8E0-46AB-9D6F-D38A3C1CB0FB}.Release|Win32.ActiveCfg = Release|Win32
		{C21DF78C-D8E0-46AB-9D6F-D38A3C1CB0FB}.Release|Win32.Build.0 = Release|Win32
		{C21DF78C-D8E0-46AB-9D6F-D38A3C1CB0FB}.Release|x64.ActiveCfg = Release|x64
		{C21DF78C-D8E0-46AB-9D6F-D38A3C1CB0FB}.Release|x64.Build.0 = Release|x64
	EndGlobalSection
	GlobalSection(SolutionProperties) = preSolution
		HideSolutionNode = FALSE
	EndGlobalSection
	GlobalSection(ExtensibilityGlobals) = postSolution
		SolutionGuid = {0E35F961-E9EF-40C4-8E3E-2EC79B1D44B8}
	EndGlobalSection
EndGlobal
