<?xml version="1.0" encoding="utf-8"?>
<Project ToolsVersion="4.0" xmlns="http://schemas.microsoft.com/developer/msbuild/2003">
  <ItemGroup>
    <Filter Include="Source Files">
      <UniqueIdentifier>{4FC737F1-C7A5-4376-A066-2A32D752A2FF}</UniqueIdentifier>
      <Extensions>cpp;c;cc;cxx;def;odl;idl;hpj;bat;asm;asmx</Extensions>
    </Filter>
    <Filter Include="Header Files">
      <UniqueIdentifier>{93995380-89BD-4b04-88EB-625FBE52EBFB}</UniqueIdentifier>
      <Extensions>h;hh;hpp;hxx;hm;inl;inc;xsd</Extensions>
    </Filter>
    <Filter Include="Resource Files">
      <UniqueIdentifier>{67DA6AB6-F800-4c08-8B7A-83BB121AAD01}</UniqueIdentifier>
      <Extensions>rc;ico;cur;bmp;dlg;rc2;rct;bin;rgs;gif;jpg;jpeg;jpe;resx;tiff;tif;png;wav;mfcribbon-ms</Extensions>
    </Filter>
    <Filter Include="UnitTest++">
      <UniqueIdentifier>{ecfaf316-dc6d-4dc1-9838-24061047ad63}</UniqueIdentifier>
    </Filter>
    <Filter Include="ETL">
      <UniqueIdentifier>{53c3a373-0496-4db0-a981-86bf14a1fac9}</UniqueIdentifier>
    </Filter>
    <Filter Include="UnitTest++\Win32">
      <UniqueIdentifier>{107d7e33-580f-4dc5-be11-a4b2076c2c10}</UniqueIdentifier>
    </Filter>
    <Filter Include="ETL\Containers">
      <UniqueIdentifier>{dc39d09c-75c9-453f-8feb-9631a200c0f4}</UniqueIdentifier>
    </Filter>
    <Filter Include="ETL\Utilities">
      <UniqueIdentifier>{ab41d19f-82fe-4974-a73b-16aebfa1d03f}</UniqueIdentifier>
    </Filter>
    <Filter Include="ETL\Patterns">
      <UniqueIdentifier>{d56ca96b-66e1-46cb-83fd-1cd72c51d962}</UniqueIdentifier>
    </Filter>
    <Filter Include="ETL\Maths">
      <UniqueIdentifier>{1c55dd7d-c04b-428c-810b-dd3a08fc4c65}</UniqueIdentifier>
    </Filter>
    <Filter Include="ETL\Private">
      <UniqueIdentifier>{7028012c-30c4-4993-b2d9-3b1521a610ae}</UniqueIdentifier>
    </Filter>
    <Filter Include="ETL\Frameworks">
      <UniqueIdentifier>{6be3bc76-e17c-4be0-8b0b-d1053e1a1761}</UniqueIdentifier>
    </Filter>
    <Filter Include="ETL\Frameworks\Generators">
      <UniqueIdentifier>{c1264f38-22fa-4fcb-8cab-f254b1290eab}</UniqueIdentifier>
    </Filter>
    <Filter Include="ETL\Utilities\Generators">
      <UniqueIdentifier>{39015d44-a7cb-47f0-a7dd-27714f852363}</UniqueIdentifier>
    </Filter>
    <Filter Include="ETL\Utilities\Atomic">
      <UniqueIdentifier>{1c95b9c1-96c0-4c1e-8e5a-e6680d88276c}</UniqueIdentifier>
    </Filter>
    <Filter Include="ETL\Profiles">
      <UniqueIdentifier>{0a77d88b-f9f0-456a-be4b-c0a0ce6b437b}</UniqueIdentifier>
    </Filter>
    <Filter Include="Source Files\ECL">
      <UniqueIdentifier>{1fdf39d9-079e-4404-a24a-6d5cb30def6a}</UniqueIdentifier>
    </Filter>
    <Filter Include="ECL">
      <UniqueIdentifier>{4ac80fd1-3eca-4775-8695-eb1ea39c93f1}</UniqueIdentifier>
    </Filter>
    <Filter Include="ETL\Containers\Generators">
      <UniqueIdentifier>{e4a699ae-e7f3-418e-bf9f-211c21f7f4b2}</UniqueIdentifier>
    </Filter>
    <Filter Include="Resource Files\Generators">
      <UniqueIdentifier>{7371282e-fddc-4269-891b-e909f74ff8e9}</UniqueIdentifier>
    </Filter>
    <Filter Include="Resource Files\Make">
      <UniqueIdentifier>{3353062c-e8dc-4095-b7cf-d11fc952263e}</UniqueIdentifier>
    </Filter>
    <Filter Include="Resource Files\Images">
      <UniqueIdentifier>{4d08353c-b393-47c7-a9eb-c9f2f8c25887}</UniqueIdentifier>
    </Filter>
    <Filter Include="ETL\Utilities\Mutex">
      <UniqueIdentifier>{0bcdf7f9-8e2b-4f70-932b-bde56404f421}</UniqueIdentifier>
    </Filter>
    <Filter Include="ETL\STL">
      <UniqueIdentifier>{86dc2850-2ddf-4582-9908-2436a1aa6e86}</UniqueIdentifier>
    </Filter>
    <Filter Include="ETL\STL\Alternate">
      <UniqueIdentifier>{0d093ee6-686c-4c9e-856e-bdf7075ff7a6}</UniqueIdentifier>
    </Filter>
  </ItemGroup>
  <ItemGroup>
    <ClInclude Include="..\..\include\etl\enum_type.h">
      <Filter>ETL\Utilities</Filter>
    </ClInclude>
    <ClInclude Include="..\..\include\etl\exception.h">
      <Filter>ETL\Utilities</Filter>
    </ClInclude>
    <ClInclude Include="..\..\include\etl\function.h">
      <Filter>ETL\Utilities</Filter>
    </ClInclude>
    <ClInclude Include="..\..\include\etl\array.h">
      <Filter>ETL\Containers</Filter>
    </ClInclude>
    <ClInclude Include="..\..\include\etl\container.h">
      <Filter>ETL\Containers</Filter>
    </ClInclude>
    <ClInclude Include="..\..\include\etl\queue.h">
      <Filter>ETL\Containers</Filter>
    </ClInclude>
    <ClInclude Include="..\..\include\etl\stack.h">
      <Filter>ETL\Containers</Filter>
    </ClInclude>
    <ClInclude Include="..\..\include\etl\vector.h">
      <Filter>ETL\Containers</Filter>
    </ClInclude>
    <ClInclude Include="..\..\include\etl\largest.h">
      <Filter>ETL\Utilities</Filter>
    </ClInclude>
    <ClInclude Include="..\..\include\etl\nullptr.h">
      <Filter>ETL\Utilities</Filter>
    </ClInclude>
    <ClInclude Include="..\..\include\etl\numeric.h">
      <Filter>ETL\Utilities</Filter>
    </ClInclude>
    <ClInclude Include="..\..\include\etl\cyclic_value.h">
      <Filter>ETL\Utilities</Filter>
    </ClInclude>
    <ClInclude Include="..\..\include\etl\static_assert.h">
      <Filter>ETL\Utilities</Filter>
    </ClInclude>
    <ClInclude Include="..\..\include\etl\type_traits.h">
      <Filter>ETL\Utilities</Filter>
    </ClInclude>
    <ClInclude Include="..\..\include\etl\visitor.h">
      <Filter>ETL\Patterns</Filter>
    </ClInclude>
    <ClInclude Include="..\..\include\etl\observer.h">
      <Filter>ETL\Patterns</Filter>
    </ClInclude>
    <ClInclude Include="..\..\include\etl\functional.h">
      <Filter>ETL\Utilities</Filter>
    </ClInclude>
    <ClInclude Include="..\..\include\etl\list.h">
      <Filter>ETL\Containers</Filter>
    </ClInclude>
    <ClInclude Include="..\..\include\etl\map.h">
      <Filter>ETL\Containers</Filter>
    </ClInclude>
    <ClInclude Include="..\..\include\etl\crc16.h">
      <Filter>ETL\Maths</Filter>
    </ClInclude>
    <ClInclude Include="..\..\include\etl\crc16_ccitt.h">
      <Filter>ETL\Maths</Filter>
    </ClInclude>
    <ClInclude Include="..\..\include\etl\crc32.h">
      <Filter>ETL\Maths</Filter>
    </ClInclude>
    <ClInclude Include="..\..\include\etl\crc64_ecma.h">
      <Filter>ETL\Maths</Filter>
    </ClInclude>
    <ClInclude Include="..\..\include\etl\crc8_ccitt.h">
      <Filter>ETL\Maths</Filter>
    </ClInclude>
    <ClInclude Include="..\..\include\etl\log.h">
      <Filter>ETL\Maths</Filter>
    </ClInclude>
    <ClInclude Include="..\..\include\etl\deque.h">
      <Filter>ETL\Containers</Filter>
    </ClInclude>
    <ClInclude Include="..\..\include\etl\forward_list.h">
      <Filter>ETL\Containers</Filter>
    </ClInclude>
    <ClInclude Include="..\..\include\etl\bitset.h">
      <Filter>ETL\Containers</Filter>
    </ClInclude>
    <ClInclude Include="..\..\include\etl\smallest.h">
      <Filter>ETL\Utilities</Filter>
    </ClInclude>
    <ClInclude Include="..\..\include\etl\integral_limits.h">
      <Filter>ETL\Utilities</Filter>
    </ClInclude>
    <ClInclude Include="..\..\include\etl\variant.h">
      <Filter>ETL\Containers</Filter>
    </ClInclude>
    <ClInclude Include="..\..\include\etl\crc16_kermit.h">
      <Filter>ETL\Maths</Filter>
    </ClInclude>
    <ClInclude Include="..\..\include\etl\parameter_type.h">
      <Filter>ETL\Utilities</Filter>
    </ClInclude>
    <ClInclude Include="..\..\include\etl\alignment.h">
      <Filter>ETL\Utilities</Filter>
    </ClInclude>
    <ClInclude Include="..\..\include\etl\pool.h">
      <Filter>ETL\Containers</Filter>
    </ClInclude>
    <ClInclude Include="..\..\include\etl\power.h">
      <Filter>ETL\Maths</Filter>
    </ClInclude>
    <ClInclude Include="..\..\include\etl\fibonacci.h">
      <Filter>ETL\Maths</Filter>
    </ClInclude>
    <ClInclude Include="..\..\include\etl\factorial.h">
      <Filter>ETL\Maths</Filter>
    </ClInclude>
    <ClInclude Include="..\..\include\etl\algorithm.h">
      <Filter>ETL\Utilities</Filter>
    </ClInclude>
    <ClInclude Include="..\..\include\etl\error_handler.h">
      <Filter>ETL\Utilities</Filter>
    </ClInclude>
    <ClInclude Include="..\..\include\etl\instance_count.h">
      <Filter>ETL\Utilities</Filter>
    </ClInclude>
    <ClInclude Include="..\..\include\etl\checksum.h">
      <Filter>ETL\Maths</Filter>
    </ClInclude>
    <ClInclude Include="..\..\include\etl\fnv_1.h">
      <Filter>ETL\Maths</Filter>
    </ClInclude>
    <ClInclude Include="..\..\include\etl\hash.h">
      <Filter>ETL\Maths</Filter>
    </ClInclude>
    <ClInclude Include="..\..\include\etl\radix.h">
      <Filter>ETL\Maths</Filter>
    </ClInclude>
    <ClInclude Include="..\..\include\etl\bloom_filter.h">
      <Filter>ETL\Containers</Filter>
    </ClInclude>
    <ClInclude Include="..\..\include\etl\fixed_iterator.h">
      <Filter>ETL\Utilities</Filter>
    </ClInclude>
    <ClInclude Include="..\..\include\etl\binary.h">
      <Filter>ETL\Utilities</Filter>
    </ClInclude>
    <ClInclude Include="..\..\include\etl\flat_map.h">
      <Filter>ETL\Containers</Filter>
    </ClInclude>
    <ClInclude Include="..\..\include\etl\ihash.h">
      <Filter>ETL\Maths</Filter>
    </ClInclude>
    <ClInclude Include="..\..\include\etl\flat_set.h">
      <Filter>ETL\Containers</Filter>
    </ClInclude>
    <ClInclude Include="..\..\include\etl\unordered_map.h">
      <Filter>ETL\Containers</Filter>
    </ClInclude>
    <ClInclude Include="..\..\include\etl\io_port.h">
      <Filter>ETL\Utilities</Filter>
    </ClInclude>
    <ClInclude Include="..\..\include\etl\optional.h">
      <Filter>ETL\Containers</Filter>
    </ClInclude>
    <ClInclude Include="..\..\include\etl\set.h">
      <Filter>ETL\Containers</Filter>
    </ClInclude>
    <ClInclude Include="..\..\include\etl\multimap.h">
      <Filter>ETL\Containers</Filter>
    </ClInclude>
    <ClInclude Include="..\..\include\etl\multiset.h">
      <Filter>ETL\Containers</Filter>
    </ClInclude>
    <ClInclude Include="..\..\include\etl\priority_queue.h">
      <Filter>ETL\Containers</Filter>
    </ClInclude>
    <ClInclude Include="..\..\include\etl\jenkins.h">
      <Filter>ETL\Maths</Filter>
    </ClInclude>
    <ClInclude Include="..\..\include\etl\murmur3.h">
      <Filter>ETL\Maths</Filter>
    </ClInclude>
    <ClInclude Include="..\murmurhash3.h">
      <Filter>Source Files</Filter>
    </ClInclude>
    <ClInclude Include="..\..\include\etl\pearson.h">
      <Filter>ETL\Maths</Filter>
    </ClInclude>
    <ClInclude Include="..\..\include\etl\flat_multimap.h">
      <Filter>ETL\Containers</Filter>
    </ClInclude>
    <ClInclude Include="..\..\include\etl\flat_multiset.h">
      <Filter>ETL\Containers</Filter>
    </ClInclude>
    <ClInclude Include="..\..\include\etl\intrusive_forward_list.h">
      <Filter>ETL\Containers</Filter>
    </ClInclude>
    <ClInclude Include="..\..\include\etl\char_traits.h">
      <Filter>ETL\Utilities</Filter>
    </ClInclude>
    <ClInclude Include="..\..\include\etl\intrusive_links.h">
      <Filter>ETL\Containers</Filter>
    </ClInclude>
    <ClInclude Include="..\..\include\etl\intrusive_list.h">
      <Filter>ETL\Containers</Filter>
    </ClInclude>
    <ClInclude Include="..\..\include\etl\unordered_set.h">
      <Filter>ETL\Containers</Filter>
    </ClInclude>
    <ClInclude Include="..\..\include\etl\unordered_multiset.h">
      <Filter>ETL\Containers</Filter>
    </ClInclude>
    <ClInclude Include="..\..\include\etl\debounce.h">
      <Filter>ETL\Utilities</Filter>
    </ClInclude>
    <ClInclude Include="..\..\include\etl\platform.h">
      <Filter>ETL\Utilities</Filter>
    </ClInclude>
    <ClInclude Include="..\..\include\etl\basic_string.h">
      <Filter>ETL\Containers</Filter>
    </ClInclude>
    <ClInclude Include="..\..\include\etl\u16string.h">
      <Filter>ETL\Containers</Filter>
    </ClInclude>
    <ClInclude Include="..\..\include\etl\u32string.h">
      <Filter>ETL\Containers</Filter>
    </ClInclude>
    <ClInclude Include="..\..\include\etl\wstring.h">
      <Filter>ETL\Containers</Filter>
    </ClInclude>
    <ClInclude Include="..\..\include\etl\private\pvoidvector.h">
      <Filter>ETL\Private</Filter>
    </ClInclude>
    <ClInclude Include="..\..\include\etl\type_def.h">
      <Filter>ETL\Utilities</Filter>
    </ClInclude>
    <ClInclude Include="..\..\include\etl\intrusive_stack.h">
      <Filter>ETL\Containers</Filter>
    </ClInclude>
    <ClInclude Include="..\..\include\etl\utility.h">
      <Filter>ETL\Utilities</Filter>
    </ClInclude>
    <ClInclude Include="..\..\include\etl\intrusive_queue.h">
      <Filter>ETL\Containers</Filter>
    </ClInclude>
    <ClInclude Include="..\..\include\etl\cstring.h">
      <Filter>ETL\Containers</Filter>
    </ClInclude>
    <ClInclude Include="..\..\include\etl\unordered_multimap.h">
      <Filter>ETL\Containers</Filter>
    </ClInclude>
    <ClInclude Include="..\..\include\etl\user_type.h">
      <Filter>ETL\Utilities</Filter>
    </ClInclude>
    <ClInclude Include="..\..\include\etl\debug_count.h">
      <Filter>ETL\Utilities</Filter>
    </ClInclude>
    <ClInclude Include="..\..\include\etl\iterator.h">
      <Filter>ETL\Utilities</Filter>
    </ClInclude>
    <ClInclude Include="..\..\include\etl\memory.h">
      <Filter>ETL\Utilities</Filter>
    </ClInclude>
    <ClInclude Include="..\..\include\etl\reference_flat_map.h">
      <Filter>ETL\Containers</Filter>
    </ClInclude>
    <ClInclude Include="..\..\include\etl\reference_flat_multimap.h">
      <Filter>ETL\Containers</Filter>
    </ClInclude>
    <ClInclude Include="..\..\include\etl\reference_flat_multiset.h">
      <Filter>ETL\Containers</Filter>
    </ClInclude>
    <ClInclude Include="..\..\include\etl\reference_flat_set.h">
      <Filter>ETL\Containers</Filter>
    </ClInclude>
    <ClInclude Include="..\..\include\etl\fsm.h">
      <Filter>ETL\Frameworks</Filter>
    </ClInclude>
    <ClInclude Include="..\..\include\etl\message_router.h">
      <Filter>ETL\Frameworks</Filter>
    </ClInclude>
    <ClInclude Include="..\..\include\etl\packet.h">
      <Filter>ETL\Containers</Filter>
    </ClInclude>
    <ClInclude Include="..\..\include\etl\fsm_generator.h">
      <Filter>ETL\Frameworks\Generators</Filter>
    </ClInclude>
    <ClInclude Include="..\..\include\etl\message_router_generator.h">
      <Filter>ETL\Frameworks\Generators</Filter>
    </ClInclude>
    <ClInclude Include="..\..\include\etl\largest_generator.h">
      <Filter>ETL\Utilities\Generators</Filter>
    </ClInclude>
    <ClInclude Include="..\..\include\etl\type_traits_generator.h">
      <Filter>ETL\Utilities\Generators</Filter>
    </ClInclude>
    <ClInclude Include="..\..\include\etl\smallest_generator.h">
      <Filter>ETL\Utilities\Generators</Filter>
    </ClInclude>
    <ClInclude Include="..\..\include\etl\message.h">
      <Filter>ETL\Frameworks</Filter>
    </ClInclude>
    <ClInclude Include="..\..\include\etl\message_bus.h">
      <Filter>ETL\Frameworks</Filter>
    </ClInclude>
    <ClInclude Include="..\..\include\etl\message_types.h">
      <Filter>ETL\Frameworks</Filter>
    </ClInclude>
    <ClInclude Include="..\..\include\etl\scheduler.h">
      <Filter>ETL\Frameworks</Filter>
    </ClInclude>
    <ClInclude Include="..\..\include\etl\task.h">
      <Filter>ETL\Frameworks</Filter>
    </ClInclude>
    <ClInclude Include="..\..\include\etl\random.h">
      <Filter>ETL\Maths</Filter>
    </ClInclude>
    <ClInclude Include="..\..\include\etl\endianness.h">
      <Filter>ETL\Utilities</Filter>
    </ClInclude>
    <ClInclude Include="..\..\include\etl\constant.h">
      <Filter>ETL\Utilities</Filter>
    </ClInclude>
    <ClInclude Include="..\..\include\etl\sqrt.h">
      <Filter>ETL\Maths</Filter>
    </ClInclude>
    <ClInclude Include="..\..\include\etl\type_lookup.h">
      <Filter>ETL\Utilities</Filter>
    </ClInclude>
    <ClInclude Include="..\..\include\etl\type_lookup_generator.h">
      <Filter>ETL\Utilities\Generators</Filter>
    </ClInclude>
    <ClInclude Include="..\..\include\etl\compare.h">
      <Filter>ETL\Utilities</Filter>
    </ClInclude>
    <ClInclude Include="..\..\include\etl\message_timer.h">
      <Filter>ETL\Frameworks</Filter>
    </ClInclude>
    <ClInclude Include="..\..\include\etl\callback_timer.h">
      <Filter>ETL\Frameworks</Filter>
    </ClInclude>
    <ClInclude Include="..\..\include\etl\timer.h">
      <Filter>ETL\Frameworks</Filter>
    </ClInclude>
    <ClInclude Include="..\..\include\etl\atomic.h">
      <Filter>ETL\Utilities</Filter>
    </ClInclude>
    <ClInclude Include="..\..\include\etl\profiles\cpp03.h">
      <Filter>ETL\Profiles</Filter>
    </ClInclude>
    <ClInclude Include="..\..\include\etl\profiles\cpp11.h">
      <Filter>ETL\Profiles</Filter>
    </ClInclude>
    <ClInclude Include="..\..\include\etl\profiles\cpp14.h">
      <Filter>ETL\Profiles</Filter>
    </ClInclude>
    <ClInclude Include="..\..\include\etl\profiles\armv5.h">
      <Filter>ETL\Profiles</Filter>
    </ClInclude>
    <ClInclude Include="..\..\include\etl\profiles\armv6.h">
      <Filter>ETL\Profiles</Filter>
    </ClInclude>
    <ClInclude Include="..\..\include\etl\profiles\ticc.h">
      <Filter>ETL\Profiles</Filter>
    </ClInclude>
    <ClInclude Include="..\etl_profile.h">
      <Filter>Source Files</Filter>
    </ClInclude>
    <ClInclude Include="..\..\include\etl\profiles\gcc_generic.h">
      <Filter>ETL\Profiles</Filter>
    </ClInclude>
    <ClInclude Include="..\..\include\etl\profiles\gcc_linux_x86.h">
      <Filter>ETL\Profiles</Filter>
    </ClInclude>
    <ClInclude Include="..\..\include\etl\profiles\gcc_windows_x86.h">
      <Filter>ETL\Profiles</Filter>
    </ClInclude>
    <ClInclude Include="..\..\include\etl\profiles\arduino_arm.h">
      <Filter>ETL\Profiles</Filter>
    </ClInclude>
    <ClInclude Include="..\..\include\etl\profiles\msvc_x86.h">
      <Filter>ETL\Profiles</Filter>
    </ClInclude>
    <ClInclude Include="..\..\include\etl\atomic\atomic_arm.h">
      <Filter>ETL\Utilities\Atomic</Filter>
    </ClInclude>
    <ClInclude Include="..\ecl_user.h">
      <Filter>Source Files\ECL</Filter>
    </ClInclude>
    <ClInclude Include="..\..\include\etl\variant_pool.h">
      <Filter>ETL\Containers</Filter>
    </ClInclude>
    <ClInclude Include="..\..\include\etl\array_view.h">
      <Filter>ETL\Containers</Filter>
    </ClInclude>
    <ClInclude Include="..\..\include\etl\string_view.h">
      <Filter>ETL\Containers</Filter>
    </ClInclude>
    <ClInclude Include="..\..\include\etl\array_wrapper.h">
      <Filter>ETL\Containers</Filter>
    </ClInclude>
    <ClInclude Include="..\..\include\etl\variant_pool_generator.h">
      <Filter>ETL\Containers\Generators</Filter>
    </ClInclude>
    <ClInclude Include="..\..\include\etl\version.h">
      <Filter>ETL\Utilities</Filter>
    </ClInclude>
    <ClInclude Include="..\..\include\etl\c\ecl_timer.h">
      <Filter>ECL</Filter>
    </ClInclude>
    <ClInclude Include="..\..\include\etl\atomic\atomic_std.h">
      <Filter>ETL\Utilities\Atomic</Filter>
    </ClInclude>
    <ClInclude Include="..\..\include\etl\atomic\atomic_gcc_sync.h">
      <Filter>ETL\Utilities\Atomic</Filter>
    </ClInclude>
    <ClInclude Include="..\..\include\etl\queue_mpmc_mutex.h">
      <Filter>ETL\Containers</Filter>
    </ClInclude>
    <ClInclude Include="..\..\include\etl\queue_spsc_isr.h">
      <Filter>ETL\Containers</Filter>
    </ClInclude>
    <ClInclude Include="..\..\include\etl\queue_spsc_atomic.h">
      <Filter>ETL\Containers</Filter>
    </ClInclude>
    <ClInclude Include="..\..\include\etl\mutex\mutex_gcc_sync.h">
      <Filter>ETL\Utilities\Mutex</Filter>
    </ClInclude>
    <ClInclude Include="..\..\include\etl\mutex\mutex_std.h">
      <Filter>ETL\Utilities\Mutex</Filter>
    </ClInclude>
    <ClInclude Include="..\..\include\etl\mutex\mutex_arm.h">
      <Filter>ETL\Utilities\Mutex</Filter>
    </ClInclude>
    <ClInclude Include="..\..\include\etl\mutex.h">
      <Filter>ETL\Utilities</Filter>
    </ClInclude>
    <ClInclude Include="..\..\include\etl\combinations.h">
      <Filter>ETL\Maths</Filter>
    </ClInclude>
    <ClInclude Include="..\..\include\etl\permutations.h">
      <Filter>ETL\Maths</Filter>
    </ClInclude>
    <ClInclude Include="..\..\include\etl\type_select.h">
      <Filter>ETL\Utilities</Filter>
    </ClInclude>
    <ClInclude Include="..\..\include\etl\type_select_generator.h">
      <Filter>ETL\Utilities\Generators</Filter>
    </ClInclude>
    <ClInclude Include="..\..\include\etl\memory_model.h">
      <Filter>ETL\Utilities</Filter>
    </ClInclude>
    <ClInclude Include="..\..\include\etl\crc32_c.h">
      <Filter>ETL\Maths</Filter>
    </ClInclude>
    <ClInclude Include="..\..\..\unittest-cpp\UnitTest++\XmlTestReporter.h">
      <Filter>Header Files</Filter>
    </ClInclude>
    <ClInclude Include="..\..\..\unittest-cpp\UnitTest++\UnitTestPP.h">
      <Filter>Header Files</Filter>
    </ClInclude>
    <ClInclude Include="..\..\..\unittest-cpp\UnitTest++\UnitTest++.h">
      <Filter>Header Files</Filter>
    </ClInclude>
    <ClInclude Include="..\..\..\unittest-cpp\UnitTest++\TimeHelpers.h">
      <Filter>Header Files</Filter>
    </ClInclude>
    <ClInclude Include="..\..\..\unittest-cpp\UnitTest++\TimeConstraint.h">
      <Filter>Header Files</Filter>
    </ClInclude>
    <ClInclude Include="..\..\..\unittest-cpp\UnitTest++\ThrowingTestReporter.h">
      <Filter>Header Files</Filter>
    </ClInclude>
    <ClInclude Include="..\..\..\unittest-cpp\UnitTest++\TestSuite.h">
      <Filter>Header Files</Filter>
    </ClInclude>
    <ClInclude Include="..\..\..\unittest-cpp\UnitTest++\TestRunner.h">
      <Filter>Header Files</Filter>
    </ClInclude>
    <ClInclude Include="..\..\..\unittest-cpp\UnitTest++\TestResults.h">
      <Filter>Header Files</Filter>
    </ClInclude>
    <ClInclude Include="..\..\..\unittest-cpp\UnitTest++\TestReporterStdout.h">
      <Filter>Header Files</Filter>
    </ClInclude>
    <ClInclude Include="..\..\..\unittest-cpp\UnitTest++\TestReporter.h">
      <Filter>Header Files</Filter>
    </ClInclude>
    <ClInclude Include="..\..\..\unittest-cpp\UnitTest++\TestMacros.h">
      <Filter>Header Files</Filter>
    </ClInclude>
    <ClInclude Include="..\..\..\unittest-cpp\UnitTest++\TestList.h">
      <Filter>Header Files</Filter>
    </ClInclude>
    <ClInclude Include="..\..\..\unittest-cpp\UnitTest++\TestDetails.h">
      <Filter>Header Files</Filter>
    </ClInclude>
    <ClInclude Include="..\..\..\unittest-cpp\UnitTest++\Test.h">
      <Filter>Header Files</Filter>
    </ClInclude>
    <ClInclude Include="..\..\..\unittest-cpp\UnitTest++\RequireMacros.h">
      <Filter>Header Files</Filter>
    </ClInclude>
    <ClInclude Include="..\..\..\unittest-cpp\UnitTest++\RequiredCheckTestReporter.h">
      <Filter>Header Files</Filter>
    </ClInclude>
    <ClInclude Include="..\..\..\unittest-cpp\UnitTest++\RequiredCheckException.h">
      <Filter>Header Files</Filter>
    </ClInclude>
    <ClInclude Include="..\..\..\unittest-cpp\UnitTest++\ReportAssertImpl.h">
      <Filter>Header Files</Filter>
    </ClInclude>
    <ClInclude Include="..\..\..\unittest-cpp\UnitTest++\ReportAssert.h">
      <Filter>Header Files</Filter>
    </ClInclude>
    <ClInclude Include="..\..\..\unittest-cpp\UnitTest++\MemoryOutStream.h">
      <Filter>Header Files</Filter>
    </ClInclude>
    <ClInclude Include="..\..\..\unittest-cpp\UnitTest++\HelperMacros.h">
      <Filter>Header Files</Filter>
    </ClInclude>
    <ClInclude Include="..\..\..\unittest-cpp\UnitTest++\ExecuteTest.h">
      <Filter>Header Files</Filter>
    </ClInclude>
    <ClInclude Include="..\..\..\unittest-cpp\UnitTest++\ExceptionMacros.h">
      <Filter>Header Files</Filter>
    </ClInclude>
    <ClInclude Include="..\..\..\unittest-cpp\UnitTest++\DeferredTestResult.h">
      <Filter>Header Files</Filter>
    </ClInclude>
    <ClInclude Include="..\..\..\unittest-cpp\UnitTest++\DeferredTestReporter.h">
      <Filter>Header Files</Filter>
    </ClInclude>
    <ClInclude Include="..\..\..\unittest-cpp\UnitTest++\CurrentTest.h">
      <Filter>Header Files</Filter>
    </ClInclude>
    <ClInclude Include="..\..\..\unittest-cpp\UnitTest++\Config.h">
      <Filter>Header Files</Filter>
    </ClInclude>
    <ClInclude Include="..\..\..\unittest-cpp\UnitTest++\CompositeTestReporter.h">
      <Filter>Header Files</Filter>
    </ClInclude>
    <ClInclude Include="..\..\..\unittest-cpp\UnitTest++\Checks.h">
      <Filter>Header Files</Filter>
    </ClInclude>
    <ClInclude Include="..\..\..\unittest-cpp\UnitTest++\CheckMacros.h">
      <Filter>Header Files</Filter>
    </ClInclude>
    <ClInclude Include="..\..\..\unittest-cpp\UnitTest++\AssertException.h">
      <Filter>Header Files</Filter>
    </ClInclude>
    <ClInclude Include="..\..\include\etl\ratio.h">
      <Filter>ETL\Maths</Filter>
    </ClInclude>
    <ClInclude Include="..\..\include\etl\profiles\segger_gcc_stlport.h">
      <Filter>ETL\Profiles</Filter>
    </ClInclude>
    <ClInclude Include="..\..\include\etl\private\vector_base.h">
      <Filter>ETL\Private</Filter>
    </ClInclude>
    <ClInclude Include="..\..\include\etl\stl\alternate\limits.h">
      <Filter>ETL\STL\Alternate</Filter>
    </ClInclude>
    <ClInclude Include="..\..\include\etl\stl\alternate\iterator.h">
      <Filter>ETL\STL\Alternate</Filter>
    </ClInclude>
    <ClInclude Include="..\..\include\etl\stl\iterator.h">
      <Filter>ETL\STL</Filter>
    </ClInclude>
    <ClInclude Include="..\..\include\etl\profiles\armv5_no_stl.h">
      <Filter>ETL\Profiles</Filter>
    </ClInclude>
    <ClInclude Include="..\..\include\etl\profiles\armv6_no_stl.h">
      <Filter>ETL\Profiles</Filter>
    </ClInclude>
    <ClInclude Include="..\..\include\etl\profiles\cpp03_no_stl.h">
      <Filter>ETL\Profiles</Filter>
    </ClInclude>
    <ClInclude Include="..\..\include\etl\profiles\cpp11_no_stl.h">
      <Filter>ETL\Profiles</Filter>
    </ClInclude>
    <ClInclude Include="..\..\include\etl\profiles\cpp14_no_stl.h">
      <Filter>ETL\Profiles</Filter>
    </ClInclude>
    <ClInclude Include="..\..\include\etl\stl\alternate\algorithm.h">
      <Filter>ETL\STL\Alternate</Filter>
    </ClInclude>
    <ClInclude Include="..\..\include\etl\stl\algorithm.h">
      <Filter>ETL\STL</Filter>
    </ClInclude>
    <ClInclude Include="..\..\include\etl\stl\functional.h">
      <Filter>ETL\STL</Filter>
    </ClInclude>
    <ClInclude Include="..\..\include\etl\stl\alternate\functional.h">
      <Filter>ETL\STL\Alternate</Filter>
    </ClInclude>
    <ClInclude Include="..\..\include\etl\stl\utility.h">
      <Filter>ETL\STL</Filter>
    </ClInclude>
    <ClInclude Include="..\..\include\etl\stl\alternate\utility.h">
      <Filter>ETL\STL\Alternate</Filter>
    </ClInclude>
    <ClInclude Include="..\..\include\etl\stl\limits.h">
      <Filter>ETL\STL</Filter>
    </ClInclude>
    <ClInclude Include="..\..\include\etl\math_constants.h">
      <Filter>ETL\Maths</Filter>
    </ClInclude>
  </ItemGroup>
  <ItemGroup>
    <ClCompile Include="..\main.cpp">
      <Filter>Source Files</Filter>
    </ClCompile>
    <ClCompile Include="..\test_array.cpp">
      <Filter>Source Files</Filter>
    </ClCompile>
    <ClCompile Include="..\test_enum_type.cpp">
      <Filter>Source Files</Filter>
    </ClCompile>
    <ClCompile Include="..\test_exception.cpp">
      <Filter>Source Files</Filter>
    </ClCompile>
    <ClCompile Include="..\test_function.cpp">
      <Filter>Source Files</Filter>
    </ClCompile>
    <ClCompile Include="..\test_queue.cpp">
      <Filter>Source Files</Filter>
    </ClCompile>
    <ClCompile Include="..\test_stack.cpp">
      <Filter>Source Files</Filter>
    </ClCompile>
    <ClCompile Include="..\test_vector.cpp">
      <Filter>Source Files</Filter>
    </ClCompile>
    <ClCompile Include="..\test_largest.cpp">
      <Filter>Source Files</Filter>
    </ClCompile>
    <ClCompile Include="..\test_numeric.cpp">
      <Filter>Source Files</Filter>
    </ClCompile>
    <ClCompile Include="..\test_container.cpp">
      <Filter>Source Files</Filter>
    </ClCompile>
    <ClCompile Include="..\test_type_traits.cpp">
      <Filter>Source Files</Filter>
    </ClCompile>
    <ClCompile Include="..\test_cyclic_value.cpp">
      <Filter>Source Files</Filter>
    </ClCompile>
    <ClCompile Include="..\test_visitor.cpp">
      <Filter>Source Files</Filter>
    </ClCompile>
    <ClCompile Include="..\test_list.cpp">
      <Filter>Source Files</Filter>
    </ClCompile>
    <ClCompile Include="..\test_crc.cpp">
      <Filter>Source Files</Filter>
    </ClCompile>
    <ClCompile Include="..\test_deque.cpp">
      <Filter>Source Files</Filter>
    </ClCompile>
    <ClCompile Include="..\test_integral_limits.cpp">
      <Filter>Source Files</Filter>
    </ClCompile>
    <ClCompile Include="..\test_bitset.cpp">
      <Filter>Source Files</Filter>
    </ClCompile>
    <ClCompile Include="..\test_variant.cpp">
      <Filter>Source Files</Filter>
    </ClCompile>
    <ClCompile Include="..\test_smallest.cpp">
      <Filter>Source Files</Filter>
    </ClCompile>
    <ClCompile Include="..\test_maths.cpp">
      <Filter>Source Files</Filter>
    </ClCompile>
    <ClCompile Include="..\test_alignment.cpp">
      <Filter>Source Files</Filter>
    </ClCompile>
    <ClCompile Include="..\test_pool.cpp">
      <Filter>Source Files</Filter>
    </ClCompile>
    <ClCompile Include="..\test_algorithm.cpp">
      <Filter>Source Files</Filter>
    </ClCompile>
    <ClCompile Include="..\test_error_handler.cpp">
      <Filter>Source Files</Filter>
    </ClCompile>
    <ClCompile Include="..\test_functional.cpp">
      <Filter>Source Files</Filter>
    </ClCompile>
    <ClCompile Include="..\test_instance_count.cpp">
      <Filter>Source Files</Filter>
    </ClCompile>
    <ClCompile Include="..\test_checksum.cpp">
      <Filter>Source Files</Filter>
    </ClCompile>
    <ClCompile Include="..\test_fnv_1.cpp">
      <Filter>Source Files</Filter>
    </ClCompile>
    <ClCompile Include="..\test_hash.cpp">
      <Filter>Source Files</Filter>
    </ClCompile>
    <ClCompile Include="..\test_endian.cpp">
      <Filter>Source Files</Filter>
    </ClCompile>
    <ClCompile Include="..\test_bloom_filter.cpp">
      <Filter>Source Files</Filter>
    </ClCompile>
    <ClCompile Include="..\test_forward_list.cpp">
      <Filter>Source Files</Filter>
    </ClCompile>
    <ClCompile Include="..\test_fixed_iterator.cpp">
      <Filter>Source Files</Filter>
    </ClCompile>
    <ClCompile Include="..\test_binary.cpp">
      <Filter>Source Files</Filter>
    </ClCompile>
    <ClCompile Include="..\test_flat_map.cpp">
      <Filter>Source Files</Filter>
    </ClCompile>
    <ClCompile Include="..\test_flat_set.cpp">
      <Filter>Source Files</Filter>
    </ClCompile>
    <ClCompile Include="..\test_observer.cpp">
      <Filter>Source Files</Filter>
    </ClCompile>
    <ClCompile Include="..\test_io_port.cpp">
      <Filter>Source Files</Filter>
    </ClCompile>
    <ClCompile Include="..\test_optional.cpp">
      <Filter>Source Files</Filter>
    </ClCompile>
    <ClCompile Include="..\test_priority_queue.cpp">
      <Filter>Source Files</Filter>
    </ClCompile>
    <ClCompile Include="..\test_flat_multimap.cpp">
      <Filter>Source Files</Filter>
    </ClCompile>
    <ClCompile Include="..\test_jenkins.cpp">
      <Filter>Source Files</Filter>
    </ClCompile>
    <ClCompile Include="..\test_murmur3.cpp">
      <Filter>Source Files</Filter>
    </ClCompile>
    <ClCompile Include="..\murmurhash3.cpp">
      <Filter>Source Files</Filter>
    </ClCompile>
    <ClCompile Include="..\test_flat_multiset.cpp">
      <Filter>Source Files</Filter>
    </ClCompile>
    <ClCompile Include="..\test_pearson.cpp">
      <Filter>Source Files</Filter>
    </ClCompile>
    <ClCompile Include="..\test_bsd_checksum.cpp">
      <Filter>Source Files</Filter>
    </ClCompile>
    <ClCompile Include="..\test_intrusive_forward_list.cpp">
      <Filter>Source Files</Filter>
    </ClCompile>
    <ClCompile Include="..\test_unordered_map.cpp">
      <Filter>Source Files</Filter>
    </ClCompile>
    <ClCompile Include="..\test_intrusive_links.cpp">
      <Filter>Source Files</Filter>
    </ClCompile>
    <ClCompile Include="..\test_intrusive_list.cpp">
      <Filter>Source Files</Filter>
    </ClCompile>
    <ClCompile Include="..\test_xor_checksum.cpp">
      <Filter>Source Files</Filter>
    </ClCompile>
    <ClCompile Include="..\test_unordered_set.cpp">
      <Filter>Source Files</Filter>
    </ClCompile>
    <ClCompile Include="..\test_unordered_multimap.cpp">
      <Filter>Source Files</Filter>
    </ClCompile>
    <ClCompile Include="..\test_unordered_multiset.cpp">
      <Filter>Source Files</Filter>
    </ClCompile>
    <ClCompile Include="..\test_debounce.cpp">
      <Filter>Source Files</Filter>
    </ClCompile>
    <ClCompile Include="..\test_string_char.cpp">
      <Filter>Source Files</Filter>
    </ClCompile>
    <ClCompile Include="..\test_string_u32.cpp">
      <Filter>Source Files</Filter>
    </ClCompile>
    <ClCompile Include="..\test_string_u16.cpp">
      <Filter>Source Files</Filter>
    </ClCompile>
    <ClCompile Include="..\test_string_wchar_t.cpp">
      <Filter>Source Files</Filter>
    </ClCompile>
    <ClCompile Include="..\test_vector_pointer.cpp">
      <Filter>Source Files</Filter>
    </ClCompile>
    <ClCompile Include="..\test_type_def.cpp">
      <Filter>Source Files</Filter>
    </ClCompile>
    <ClCompile Include="..\test_intrusive_stack.cpp">
      <Filter>Source Files</Filter>
    </ClCompile>
    <ClCompile Include="..\test_utility.cpp">
      <Filter>Source Files</Filter>
    </ClCompile>
    <ClCompile Include="..\test_intrusive_queue.cpp">
      <Filter>Source Files</Filter>
    </ClCompile>
    <ClCompile Include="..\test_random.cpp">
      <Filter>Source Files</Filter>
    </ClCompile>
    <ClCompile Include="..\test_map.cpp">
      <Filter>Source Files</Filter>
    </ClCompile>
    <ClCompile Include="..\test_multimap.cpp">
      <Filter>Source Files</Filter>
    </ClCompile>
    <ClCompile Include="..\test_multiset.cpp">
      <Filter>Source Files</Filter>
    </ClCompile>
    <ClCompile Include="..\test_set.cpp">
      <Filter>Source Files</Filter>
    </ClCompile>
    <ClCompile Include="..\test_iterator.cpp">
      <Filter>Source Files</Filter>
    </ClCompile>
    <ClCompile Include="..\test_memory.cpp">
      <Filter>Source Files</Filter>
    </ClCompile>
    <ClCompile Include="..\test_vector_non_trivial.cpp">
      <Filter>Source Files</Filter>
    </ClCompile>
    <ClCompile Include="..\test_reference_flat_map.cpp">
      <Filter>Source Files</Filter>
    </ClCompile>
    <ClCompile Include="..\test_reference_flat_multimap.cpp">
      <Filter>Source Files</Filter>
    </ClCompile>
    <ClCompile Include="..\test_reference_flat_multiset.cpp">
      <Filter>Source Files</Filter>
    </ClCompile>
    <ClCompile Include="..\test_reference_flat_set.cpp">
      <Filter>Source Files</Filter>
    </ClCompile>
    <ClCompile Include="..\test_fsm.cpp">
      <Filter>Source Files</Filter>
    </ClCompile>
    <ClCompile Include="..\test_message_router.cpp">
      <Filter>Source Files</Filter>
    </ClCompile>
    <ClCompile Include="..\test_packet.cpp">
      <Filter>Source Files</Filter>
    </ClCompile>
    <ClCompile Include="..\test_task_scheduler.cpp">
      <Filter>Source Files</Filter>
    </ClCompile>
    <ClCompile Include="..\test_message_bus.cpp">
      <Filter>Source Files</Filter>
    </ClCompile>
    <ClCompile Include="..\test_user_type.cpp">
      <Filter>Source Files</Filter>
    </ClCompile>
    <ClCompile Include="..\test_constant.cpp">
      <Filter>Source Files</Filter>
    </ClCompile>
    <ClCompile Include="..\test_parameter_type.cpp">
      <Filter>Source Files</Filter>
    </ClCompile>
    <ClCompile Include="..\test_type_lookup.cpp">
      <Filter>Source Files</Filter>
    </ClCompile>
    <ClCompile Include="..\test_compare.cpp">
      <Filter>Source Files</Filter>
    </ClCompile>
    <ClCompile Include="..\test_message_timer.cpp">
      <Filter>Source Files</Filter>
    </ClCompile>
    <ClCompile Include="..\test_callback_timer.cpp">
      <Filter>Source Files</Filter>
    </ClCompile>
    <ClCompile Include="..\test_compare.cpp">
      <Filter>Source Files</Filter>
    </ClCompile>
    <ClCompile Include="..\test_variant_pool.cpp">
      <Filter>Source Files</Filter>
    </ClCompile>
    <ClCompile Include="..\test_array_view.cpp">
      <Filter>Source Files</Filter>
    </ClCompile>
    <ClCompile Include="..\test_string_view.cpp">
      <Filter>Source Files</Filter>
    </ClCompile>
    <ClCompile Include="..\test_array_wrapper.cpp">
      <Filter>Source Files</Filter>
    </ClCompile>
    <ClCompile Include="..\test_xor_rotate_checksum.cpp">
      <Filter>Source Files</Filter>
    </ClCompile>
    <ClCompile Include="..\..\src\private\pvoidvector.cpp">
      <Filter>ETL\Private</Filter>
    </ClCompile>
    <ClCompile Include="..\..\src\crc8_ccitt.cpp">
      <Filter>ETL\Maths</Filter>
    </ClCompile>
    <ClCompile Include="..\..\src\crc16.cpp">
      <Filter>ETL\Maths</Filter>
    </ClCompile>
    <ClCompile Include="..\..\src\crc16_ccitt.cpp">
      <Filter>ETL\Maths</Filter>
    </ClCompile>
    <ClCompile Include="..\..\src\crc16_kermit.cpp">
      <Filter>ETL\Maths</Filter>
    </ClCompile>
    <ClCompile Include="..\..\src\crc32.cpp">
      <Filter>ETL\Maths</Filter>
    </ClCompile>
    <ClCompile Include="..\..\src\crc64_ecma.cpp">
      <Filter>ETL\Maths</Filter>
    </ClCompile>
    <ClCompile Include="..\..\src\pearson.cpp">
      <Filter>ETL\Maths</Filter>
    </ClCompile>
    <ClCompile Include="..\..\src\random.cpp">
      <Filter>ETL\Maths</Filter>
    </ClCompile>
    <ClCompile Include="..\..\src\binary.cpp">
      <Filter>ETL\Utilities</Filter>
    </ClCompile>
    <ClCompile Include="..\..\src\error_handler.cpp">
      <Filter>ETL\Utilities</Filter>
    </ClCompile>
    <ClCompile Include="..\..\src\c\ecl_timer.c">
      <Filter>ECL</Filter>
    </ClCompile>
    <ClCompile Include="..\test_c_timer_framework.cpp">
      <Filter>Source Files</Filter>
    </ClCompile>
    <ClCompile Include="..\test_atomic_std.cpp">
      <Filter>Source Files</Filter>
    </ClCompile>
    <ClCompile Include="..\test_queue_mpmc_mutex.cpp">
      <Filter>Source Files</Filter>
    </ClCompile>
    <ClCompile Include="..\test_queue_spsc_atomic.cpp">
      <Filter>Source Files</Filter>
    </ClCompile>
    <ClCompile Include="..\test_queue_spsc_isr.cpp">
      <Filter>Source Files</Filter>
    </ClCompile>
    <ClCompile Include="..\test_type_select.cpp">
      <Filter>Source Files</Filter>
    </ClCompile>
    <ClCompile Include="..\..\src\crc32_c.cpp">
      <Filter>ETL\Maths</Filter>
    </ClCompile>
    <ClCompile Include="..\..\..\unittest-cpp\UnitTest++\AssertException.cpp">
      <Filter>UnitTest++</Filter>
    </ClCompile>
    <ClCompile Include="..\..\..\unittest-cpp\UnitTest++\Checks.cpp">
      <Filter>UnitTest++</Filter>
    </ClCompile>
    <ClCompile Include="..\..\..\unittest-cpp\UnitTest++\CompositeTestReporter.cpp">
      <Filter>UnitTest++</Filter>
    </ClCompile>
    <ClCompile Include="..\..\..\unittest-cpp\UnitTest++\CurrentTest.cpp">
      <Filter>UnitTest++</Filter>
    </ClCompile>
    <ClCompile Include="..\..\..\unittest-cpp\UnitTest++\DeferredTestReporter.cpp">
      <Filter>UnitTest++</Filter>
    </ClCompile>
    <ClCompile Include="..\..\..\unittest-cpp\UnitTest++\DeferredTestResult.cpp">
      <Filter>UnitTest++</Filter>
    </ClCompile>
    <ClCompile Include="..\..\..\unittest-cpp\UnitTest++\MemoryOutStream.cpp">
      <Filter>UnitTest++</Filter>
    </ClCompile>
    <ClCompile Include="..\..\..\unittest-cpp\UnitTest++\ReportAssert.cpp">
      <Filter>UnitTest++</Filter>
    </ClCompile>
    <ClCompile Include="..\..\..\unittest-cpp\UnitTest++\RequiredCheckException.cpp">
      <Filter>UnitTest++</Filter>
    </ClCompile>
    <ClCompile Include="..\..\..\unittest-cpp\UnitTest++\RequiredCheckTestReporter.cpp">
      <Filter>UnitTest++</Filter>
    </ClCompile>
    <ClCompile Include="..\..\..\unittest-cpp\UnitTest++\Test.cpp">
      <Filter>UnitTest++</Filter>
    </ClCompile>
    <ClCompile Include="..\..\..\unittest-cpp\UnitTest++\TestDetails.cpp">
      <Filter>UnitTest++</Filter>
    </ClCompile>
    <ClCompile Include="..\..\..\unittest-cpp\UnitTest++\TestList.cpp">
      <Filter>UnitTest++</Filter>
    </ClCompile>
    <ClCompile Include="..\..\..\unittest-cpp\UnitTest++\TestReporter.cpp">
      <Filter>UnitTest++</Filter>
    </ClCompile>
    <ClCompile Include="..\..\..\unittest-cpp\UnitTest++\TestReporterStdout.cpp">
      <Filter>UnitTest++</Filter>
    </ClCompile>
    <ClCompile Include="..\..\..\unittest-cpp\UnitTest++\TestResults.cpp">
      <Filter>UnitTest++</Filter>
    </ClCompile>
    <ClCompile Include="..\..\..\unittest-cpp\UnitTest++\TestRunner.cpp">
      <Filter>UnitTest++</Filter>
    </ClCompile>
    <ClCompile Include="..\..\..\unittest-cpp\UnitTest++\ThrowingTestReporter.cpp">
      <Filter>UnitTest++</Filter>
    </ClCompile>
    <ClCompile Include="..\..\..\unittest-cpp\UnitTest++\TimeConstraint.cpp">
      <Filter>UnitTest++</Filter>
    </ClCompile>
    <ClCompile Include="..\..\..\unittest-cpp\UnitTest++\XmlTestReporter.cpp">
      <Filter>UnitTest++</Filter>
    </ClCompile>
    <ClCompile Include="..\..\..\unittest-cpp\UnitTest++\Win32\TimeHelpers.cpp">
      <Filter>UnitTest++\Win32</Filter>
    </ClCompile>
    <ClCompile Include="..\test_no_stl_algorithm.cpp">
      <Filter>Source Files</Filter>
    </ClCompile>
    <ClCompile Include="..\test_no_stl_utility.cpp">
      <Filter>Source Files</Filter>
    </ClCompile>
    <ClCompile Include="..\test_no_stl_functional.cpp">
      <Filter>Source Files</Filter>
    </ClCompile>
    <ClCompile Include="..\test_no_stl_limits.cpp">
      <Filter>Source Files</Filter>
    </ClCompile>
    <ClCompile Include="..\test_queue_memory_model_small.cpp">
      <Filter>Source Files</Filter>
    </ClCompile>
    <ClCompile Include="..\test_queue_mpmc_mutex_small.cpp">
      <Filter>Source Files</Filter>
    </ClCompile>
    <ClCompile Include="..\test_queue_spsc_atomic_small.cpp">
      <Filter>Source Files</Filter>
    </ClCompile>
    <ClCompile Include="..\test_queue_spsc_isr_small.cpp">
      <Filter>Source Files</Filter>
    </ClCompile>
    <ClCompile Include="..\test_list_shared_pool.cpp">
      <Filter>Source Files</Filter>
    </ClCompile>
  </ItemGroup>
  <ItemGroup>
    <None Include="..\..\library.properties">
      <Filter>Resource Files</Filter>
    </None>
    <None Include="..\..\include\etl\generate.bat">
      <Filter>Resource Files\Generators</Filter>
    </None>
    <None Include="..\..\include\etl\generate_fsm.bat">
      <Filter>Resource Files\Generators</Filter>
    </None>
    <None Include="..\..\include\etl\generate_largest.bat">
      <Filter>Resource Files\Generators</Filter>
    </None>
    <None Include="..\..\include\etl\generate_message_router.bat">
      <Filter>Resource Files\Generators</Filter>
    </None>
    <None Include="..\..\include\etl\generate_smallest.bat">
      <Filter>Resource Files\Generators</Filter>
    </None>
    <None Include="..\..\include\etl\generate_type_lookup.bat">
      <Filter>Resource Files\Generators</Filter>
    </None>
    <None Include="..\..\include\etl\generate_type_traits.bat">
      <Filter>Resource Files\Generators</Filter>
    </None>
    <None Include="..\..\include\etl\generate_variant_pool.bat">
      <Filter>Resource Files\Generators</Filter>
    </None>
    <None Include="..\..\etl.pspimage">
      <Filter>Resource Files\Images</Filter>
    </None>
    <None Include="..\..\etl.xar">
      <Filter>Resource Files\Images</Filter>
    </None>
    <None Include="..\..\include\etl\generate_type_select.bat">
      <Filter>Resource Files\Generators</Filter>
    </None>
  </ItemGroup>
  <ItemGroup>
    <Text Include="..\..\include\etl\file_error_numbers.txt">
      <Filter>Resource Files</Filter>
    </Text>
    <Text Include="..\..\support\Release notes.txt">
      <Filter>Resource Files</Filter>
    </Text>
    <Text Include="..\..\CMakeLists.txt">
      <Filter>Resource Files\Make</Filter>
    </Text>
    <Text Include="..\CMakeLists.txt">
      <Filter>Source Files</Filter>
    </Text>
  </ItemGroup>
  <ItemGroup>
    <Image Include="..\..\etl.ico">
      <Filter>Resource Files\Images</Filter>
    </Image>
    <Image Include="..\..\etl.png">
      <Filter>Resource Files\Images</Filter>
    </Image>
    <Image Include="..\..\etl16.png">
      <Filter>Resource Files\Images</Filter>
    </Image>
    <Image Include="..\..\etl32.png">
      <Filter>Resource Files\Images</Filter>
    </Image>
    <Image Include="..\..\etl48.png">
      <Filter>Resource Files\Images</Filter>
    </Image>
    <Image Include="..\..\favicon.ico">
      <Filter>Resource Files\Images</Filter>
    </Image>
  </ItemGroup>
</Project>